// !$*UTF8*$!
{
	archiveVersion = 1;
	classes = {
	};
	objectVersion = 46;
	objects = {

/* Begin PBXBuildFile section */
		A82411F71828FD5900C1F68F /* BlockedIcon.png in Resources */ = {isa = PBXBuildFile; fileRef = A82411741828FD5900C1F68F /* BlockedIcon.png */; };
		A82411F81828FD5900C1F68F /* profileIcon0.jpg in Resources */ = {isa = PBXBuildFile; fileRef = A82411751828FD5900C1F68F /* profileIcon0.jpg */; };
		A82411F91828FD5900C1F68F /* profileIcon1.jpg in Resources */ = {isa = PBXBuildFile; fileRef = A82411761828FD5900C1F68F /* profileIcon1.jpg */; };
		A82411FA1828FD5900C1F68F /* profileIcon10.jpg in Resources */ = {isa = PBXBuildFile; fileRef = A82411771828FD5900C1F68F /* profileIcon10.jpg */; };
		A82411FB1828FD5900C1F68F /* profileIcon11.jpg in Resources */ = {isa = PBXBuildFile; fileRef = A82411781828FD5900C1F68F /* profileIcon11.jpg */; };
		A82411FC1828FD5900C1F68F /* profileIcon12.jpg in Resources */ = {isa = PBXBuildFile; fileRef = A82411791828FD5900C1F68F /* profileIcon12.jpg */; };
		A82411FD1828FD5900C1F68F /* profileIcon13.jpg in Resources */ = {isa = PBXBuildFile; fileRef = A824117A1828FD5900C1F68F /* profileIcon13.jpg */; };
		A82411FE1828FD5900C1F68F /* profileIcon14.jpg in Resources */ = {isa = PBXBuildFile; fileRef = A824117B1828FD5900C1F68F /* profileIcon14.jpg */; };
		A82411FF1828FD5900C1F68F /* profileIcon15.jpg in Resources */ = {isa = PBXBuildFile; fileRef = A824117C1828FD5900C1F68F /* profileIcon15.jpg */; };
		A82412001828FD5900C1F68F /* profileIcon16.jpg in Resources */ = {isa = PBXBuildFile; fileRef = A824117D1828FD5900C1F68F /* profileIcon16.jpg */; };
		A82412011828FD5900C1F68F /* profileIcon17.jpg in Resources */ = {isa = PBXBuildFile; fileRef = A824117E1828FD5900C1F68F /* profileIcon17.jpg */; };
		A82412021828FD5900C1F68F /* profileIcon18.jpg in Resources */ = {isa = PBXBuildFile; fileRef = A824117F1828FD5900C1F68F /* profileIcon18.jpg */; };
		A82412031828FD5900C1F68F /* profileIcon19.jpg in Resources */ = {isa = PBXBuildFile; fileRef = A82411801828FD5900C1F68F /* profileIcon19.jpg */; };
		A82412041828FD5900C1F68F /* profileIcon2.jpg in Resources */ = {isa = PBXBuildFile; fileRef = A82411811828FD5900C1F68F /* profileIcon2.jpg */; };
		A82412051828FD5900C1F68F /* profileIcon20.jpg in Resources */ = {isa = PBXBuildFile; fileRef = A82411821828FD5900C1F68F /* profileIcon20.jpg */; };
		A82412061828FD5900C1F68F /* profileIcon21.jpg in Resources */ = {isa = PBXBuildFile; fileRef = A82411831828FD5900C1F68F /* profileIcon21.jpg */; };
		A82412071828FD5900C1F68F /* profileIcon22.jpg in Resources */ = {isa = PBXBuildFile; fileRef = A82411841828FD5900C1F68F /* profileIcon22.jpg */; };
		A82412081828FD5900C1F68F /* profileIcon23.jpg in Resources */ = {isa = PBXBuildFile; fileRef = A82411851828FD5900C1F68F /* profileIcon23.jpg */; };
		A82412091828FD5900C1F68F /* profileIcon24.jpg in Resources */ = {isa = PBXBuildFile; fileRef = A82411861828FD5900C1F68F /* profileIcon24.jpg */; };
		A824120A1828FD5900C1F68F /* profileIcon25.jpg in Resources */ = {isa = PBXBuildFile; fileRef = A82411871828FD5900C1F68F /* profileIcon25.jpg */; };
		A824120B1828FD5900C1F68F /* profileIcon26.jpg in Resources */ = {isa = PBXBuildFile; fileRef = A82411881828FD5900C1F68F /* profileIcon26.jpg */; };
		A824120C1828FD5900C1F68F /* profileIcon27.jpg in Resources */ = {isa = PBXBuildFile; fileRef = A82411891828FD5900C1F68F /* profileIcon27.jpg */; };
		A824120D1828FD5900C1F68F /* profileIcon28.jpg in Resources */ = {isa = PBXBuildFile; fileRef = A824118A1828FD5900C1F68F /* profileIcon28.jpg */; };
		A824120E1828FD5900C1F68F /* profileIcon29.jpg in Resources */ = {isa = PBXBuildFile; fileRef = A824118B1828FD5900C1F68F /* profileIcon29.jpg */; };
		A824120F1828FD5900C1F68F /* profileIcon3.jpg in Resources */ = {isa = PBXBuildFile; fileRef = A824118C1828FD5900C1F68F /* profileIcon3.jpg */; };
		A82412101828FD5900C1F68F /* profileIcon30.jpg in Resources */ = {isa = PBXBuildFile; fileRef = A824118D1828FD5900C1F68F /* profileIcon30.jpg */; };
		A82412111828FD5900C1F68F /* profileIcon31.jpg in Resources */ = {isa = PBXBuildFile; fileRef = A824118E1828FD5900C1F68F /* profileIcon31.jpg */; };
		A82412121828FD5900C1F68F /* profileIcon32.jpg in Resources */ = {isa = PBXBuildFile; fileRef = A824118F1828FD5900C1F68F /* profileIcon32.jpg */; };
		A82412131828FD5900C1F68F /* profileIcon33.jpg in Resources */ = {isa = PBXBuildFile; fileRef = A82411901828FD5900C1F68F /* profileIcon33.jpg */; };
		A82412141828FD5900C1F68F /* profileIcon34.jpg in Resources */ = {isa = PBXBuildFile; fileRef = A82411911828FD5900C1F68F /* profileIcon34.jpg */; };
		A82412151828FD5900C1F68F /* profileIcon35.jpg in Resources */ = {isa = PBXBuildFile; fileRef = A82411921828FD5900C1F68F /* profileIcon35.jpg */; };
		A82412161828FD5900C1F68F /* profileIcon36.jpg in Resources */ = {isa = PBXBuildFile; fileRef = A82411931828FD5900C1F68F /* profileIcon36.jpg */; };
		A82412171828FD5900C1F68F /* profileIcon37.jpg in Resources */ = {isa = PBXBuildFile; fileRef = A82411941828FD5900C1F68F /* profileIcon37.jpg */; };
		A82412181828FD5900C1F68F /* profileIcon38.jpg in Resources */ = {isa = PBXBuildFile; fileRef = A82411951828FD5900C1F68F /* profileIcon38.jpg */; };
		A82412191828FD5900C1F68F /* profileIcon39.jpg in Resources */ = {isa = PBXBuildFile; fileRef = A82411961828FD5900C1F68F /* profileIcon39.jpg */; };
		A824121A1828FD5900C1F68F /* profileIcon4.jpg in Resources */ = {isa = PBXBuildFile; fileRef = A82411971828FD5900C1F68F /* profileIcon4.jpg */; };
		A824121B1828FD5900C1F68F /* profileIcon40.jpg in Resources */ = {isa = PBXBuildFile; fileRef = A82411981828FD5900C1F68F /* profileIcon40.jpg */; };
		A824121C1828FD5900C1F68F /* profileIcon41.jpg in Resources */ = {isa = PBXBuildFile; fileRef = A82411991828FD5900C1F68F /* profileIcon41.jpg */; };
		A824121D1828FD5900C1F68F /* profileIcon42.jpg in Resources */ = {isa = PBXBuildFile; fileRef = A824119A1828FD5900C1F68F /* profileIcon42.jpg */; };
		A824121E1828FD5900C1F68F /* profileIcon5.jpg in Resources */ = {isa = PBXBuildFile; fileRef = A824119B1828FD5900C1F68F /* profileIcon5.jpg */; };
		A824121F1828FD5900C1F68F /* profileIcon501.jpg in Resources */ = {isa = PBXBuildFile; fileRef = A824119C1828FD5900C1F68F /* profileIcon501.jpg */; };
		A82412201828FD5900C1F68F /* profileIcon502.jpg in Resources */ = {isa = PBXBuildFile; fileRef = A824119D1828FD5900C1F68F /* profileIcon502.jpg */; };
		A82412211828FD5900C1F68F /* profileIcon503.jpg in Resources */ = {isa = PBXBuildFile; fileRef = A824119E1828FD5900C1F68F /* profileIcon503.jpg */; };
		A82412221828FD5900C1F68F /* profileIcon504.jpg in Resources */ = {isa = PBXBuildFile; fileRef = A824119F1828FD5900C1F68F /* profileIcon504.jpg */; };
		A82412231828FD5900C1F68F /* profileIcon505.jpg in Resources */ = {isa = PBXBuildFile; fileRef = A82411A01828FD5900C1F68F /* profileIcon505.jpg */; };
		A82412241828FD5900C1F68F /* profileIcon506.jpg in Resources */ = {isa = PBXBuildFile; fileRef = A82411A11828FD5900C1F68F /* profileIcon506.jpg */; };
		A82412251828FD5900C1F68F /* profileIcon507.jpg in Resources */ = {isa = PBXBuildFile; fileRef = A82411A21828FD5900C1F68F /* profileIcon507.jpg */; };
		A82412261828FD5900C1F68F /* profileIcon508.jpg in Resources */ = {isa = PBXBuildFile; fileRef = A82411A31828FD5900C1F68F /* profileIcon508.jpg */; };
		A82412271828FD5900C1F68F /* profileIcon509.jpg in Resources */ = {isa = PBXBuildFile; fileRef = A82411A41828FD5900C1F68F /* profileIcon509.jpg */; };
		A82412281828FD5900C1F68F /* profileIcon510.jpg in Resources */ = {isa = PBXBuildFile; fileRef = A82411A51828FD5900C1F68F /* profileIcon510.jpg */; };
		A82412291828FD5900C1F68F /* profileIcon511.jpg in Resources */ = {isa = PBXBuildFile; fileRef = A82411A61828FD5900C1F68F /* profileIcon511.jpg */; };
		A824122A1828FD5900C1F68F /* profileIcon512.jpg in Resources */ = {isa = PBXBuildFile; fileRef = A82411A71828FD5900C1F68F /* profileIcon512.jpg */; };
		A824122B1828FD5900C1F68F /* profileIcon513.jpg in Resources */ = {isa = PBXBuildFile; fileRef = A82411A81828FD5900C1F68F /* profileIcon513.jpg */; };
		A824122C1828FD5900C1F68F /* profileIcon514.jpg in Resources */ = {isa = PBXBuildFile; fileRef = A82411A91828FD5900C1F68F /* profileIcon514.jpg */; };
		A824122D1828FD5900C1F68F /* profileIcon515.jpg in Resources */ = {isa = PBXBuildFile; fileRef = A82411AA1828FD5900C1F68F /* profileIcon515.jpg */; };
		A824122E1828FD5900C1F68F /* profileIcon516.jpg in Resources */ = {isa = PBXBuildFile; fileRef = A82411AB1828FD5900C1F68F /* profileIcon516.jpg */; };
		A824122F1828FD5900C1F68F /* profileIcon517.jpg in Resources */ = {isa = PBXBuildFile; fileRef = A82411AC1828FD5900C1F68F /* profileIcon517.jpg */; };
		A82412301828FD5900C1F68F /* profileIcon518.jpg in Resources */ = {isa = PBXBuildFile; fileRef = A82411AD1828FD5900C1F68F /* profileIcon518.jpg */; };
		A82412311828FD5900C1F68F /* profileIcon519.jpg in Resources */ = {isa = PBXBuildFile; fileRef = A82411AE1828FD5900C1F68F /* profileIcon519.jpg */; };
		A82412321828FD5900C1F68F /* profileIcon520.jpg in Resources */ = {isa = PBXBuildFile; fileRef = A82411AF1828FD5900C1F68F /* profileIcon520.jpg */; };
		A82412331828FD5900C1F68F /* profileIcon521.jpg in Resources */ = {isa = PBXBuildFile; fileRef = A82411B01828FD5900C1F68F /* profileIcon521.jpg */; };
		A82412341828FD5900C1F68F /* profileIcon522.jpg in Resources */ = {isa = PBXBuildFile; fileRef = A82411B11828FD5900C1F68F /* profileIcon522.jpg */; };
		A82412351828FD5900C1F68F /* profileIcon523.jpg in Resources */ = {isa = PBXBuildFile; fileRef = A82411B21828FD5900C1F68F /* profileIcon523.jpg */; };
		A82412361828FD5900C1F68F /* profileIcon524.jpg in Resources */ = {isa = PBXBuildFile; fileRef = A82411B31828FD5900C1F68F /* profileIcon524.jpg */; };
		A82412371828FD5900C1F68F /* profileIcon525.jpg in Resources */ = {isa = PBXBuildFile; fileRef = A82411B41828FD5900C1F68F /* profileIcon525.jpg */; };
		A82412381828FD5900C1F68F /* profileIcon526.jpg in Resources */ = {isa = PBXBuildFile; fileRef = A82411B51828FD5900C1F68F /* profileIcon526.jpg */; };
		A82412391828FD5900C1F68F /* profileIcon527.jpg in Resources */ = {isa = PBXBuildFile; fileRef = A82411B61828FD5900C1F68F /* profileIcon527.jpg */; };
		A824123A1828FD5900C1F68F /* profileIcon528.jpg in Resources */ = {isa = PBXBuildFile; fileRef = A82411B71828FD5900C1F68F /* profileIcon528.jpg */; };
		A824123B1828FD5900C1F68F /* profileIcon529.jpg in Resources */ = {isa = PBXBuildFile; fileRef = A82411B81828FD5900C1F68F /* profileIcon529.jpg */; };
		A824123C1828FD5900C1F68F /* profileIcon530.jpg in Resources */ = {isa = PBXBuildFile; fileRef = A82411B91828FD5900C1F68F /* profileIcon530.jpg */; };
		A824123D1828FD5900C1F68F /* profileIcon531.jpg in Resources */ = {isa = PBXBuildFile; fileRef = A82411BA1828FD5900C1F68F /* profileIcon531.jpg */; };
		A824123E1828FD5900C1F68F /* profileIcon532.jpg in Resources */ = {isa = PBXBuildFile; fileRef = A82411BB1828FD5900C1F68F /* profileIcon532.jpg */; };
		A824123F1828FD5900C1F68F /* profileIcon533.jpg in Resources */ = {isa = PBXBuildFile; fileRef = A82411BC1828FD5900C1F68F /* profileIcon533.jpg */; };
		A82412401828FD5900C1F68F /* profileIcon534.jpg in Resources */ = {isa = PBXBuildFile; fileRef = A82411BD1828FD5900C1F68F /* profileIcon534.jpg */; };
		A82412411828FD5900C1F68F /* profileIcon535.jpg in Resources */ = {isa = PBXBuildFile; fileRef = A82411BE1828FD5900C1F68F /* profileIcon535.jpg */; };
		A82412421828FD5900C1F68F /* profileIcon536.jpg in Resources */ = {isa = PBXBuildFile; fileRef = A82411BF1828FD5900C1F68F /* profileIcon536.jpg */; };
		A82412431828FD5900C1F68F /* profileIcon537.jpg in Resources */ = {isa = PBXBuildFile; fileRef = A82411C01828FD5900C1F68F /* profileIcon537.jpg */; };
		A82412441828FD5900C1F68F /* profileIcon538.jpg in Resources */ = {isa = PBXBuildFile; fileRef = A82411C11828FD5900C1F68F /* profileIcon538.jpg */; };
		A82412451828FD5900C1F68F /* profileIcon539.jpg in Resources */ = {isa = PBXBuildFile; fileRef = A82411C21828FD5900C1F68F /* profileIcon539.jpg */; };
		A82412461828FD5900C1F68F /* profileIcon540.jpg in Resources */ = {isa = PBXBuildFile; fileRef = A82411C31828FD5900C1F68F /* profileIcon540.jpg */; };
		A82412471828FD5900C1F68F /* profileIcon541.jpg in Resources */ = {isa = PBXBuildFile; fileRef = A82411C41828FD5900C1F68F /* profileIcon541.jpg */; };
		A82412481828FD5900C1F68F /* profileIcon542.jpg in Resources */ = {isa = PBXBuildFile; fileRef = A82411C51828FD5900C1F68F /* profileIcon542.jpg */; };
		A82412491828FD5900C1F68F /* profileIcon543.jpg in Resources */ = {isa = PBXBuildFile; fileRef = A82411C61828FD5900C1F68F /* profileIcon543.jpg */; };
		A824124A1828FD5900C1F68F /* profileIcon544.jpg in Resources */ = {isa = PBXBuildFile; fileRef = A82411C71828FD5900C1F68F /* profileIcon544.jpg */; };
		A824124B1828FD5900C1F68F /* profileIcon545.jpg in Resources */ = {isa = PBXBuildFile; fileRef = A82411C81828FD5900C1F68F /* profileIcon545.jpg */; };
		A824124C1828FD5900C1F68F /* profileIcon546.jpg in Resources */ = {isa = PBXBuildFile; fileRef = A82411C91828FD5900C1F68F /* profileIcon546.jpg */; };
		A824124D1828FD5900C1F68F /* profileIcon547.jpg in Resources */ = {isa = PBXBuildFile; fileRef = A82411CA1828FD5900C1F68F /* profileIcon547.jpg */; };
		A824124E1828FD5900C1F68F /* profileIcon548.jpg in Resources */ = {isa = PBXBuildFile; fileRef = A82411CB1828FD5900C1F68F /* profileIcon548.jpg */; };
		A824124F1828FD5900C1F68F /* profileIcon549.jpg in Resources */ = {isa = PBXBuildFile; fileRef = A82411CC1828FD5900C1F68F /* profileIcon549.jpg */; };
		A82412501828FD5900C1F68F /* profileIcon550.jpg in Resources */ = {isa = PBXBuildFile; fileRef = A82411CD1828FD5900C1F68F /* profileIcon550.jpg */; };
		A82412511828FD5900C1F68F /* profileIcon551.jpg in Resources */ = {isa = PBXBuildFile; fileRef = A82411CE1828FD5900C1F68F /* profileIcon551.jpg */; };
		A82412521828FD5900C1F68F /* profileIcon552.jpg in Resources */ = {isa = PBXBuildFile; fileRef = A82411CF1828FD5900C1F68F /* profileIcon552.jpg */; };
		A82412531828FD5900C1F68F /* profileIcon553.jpg in Resources */ = {isa = PBXBuildFile; fileRef = A82411D01828FD5900C1F68F /* profileIcon553.jpg */; };
		A82412541828FD5900C1F68F /* profileIcon554.jpg in Resources */ = {isa = PBXBuildFile; fileRef = A82411D11828FD5900C1F68F /* profileIcon554.jpg */; };
		A82412551828FD5900C1F68F /* profileIcon555.jpg in Resources */ = {isa = PBXBuildFile; fileRef = A82411D21828FD5900C1F68F /* profileIcon555.jpg */; };
		A82412561828FD5900C1F68F /* profileIcon556.jpg in Resources */ = {isa = PBXBuildFile; fileRef = A82411D31828FD5900C1F68F /* profileIcon556.jpg */; };
		A82412571828FD5900C1F68F /* profileIcon557.jpg in Resources */ = {isa = PBXBuildFile; fileRef = A82411D41828FD5900C1F68F /* profileIcon557.jpg */; };
		A82412581828FD5900C1F68F /* profileIcon558.jpg in Resources */ = {isa = PBXBuildFile; fileRef = A82411D51828FD5900C1F68F /* profileIcon558.jpg */; };
		A82412591828FD5900C1F68F /* profileIcon559.jpg in Resources */ = {isa = PBXBuildFile; fileRef = A82411D61828FD5900C1F68F /* profileIcon559.jpg */; };
		A824125A1828FD5900C1F68F /* profileIcon560.jpg in Resources */ = {isa = PBXBuildFile; fileRef = A82411D71828FD5900C1F68F /* profileIcon560.jpg */; };
		A824125B1828FD5900C1F68F /* profileIcon561.jpg in Resources */ = {isa = PBXBuildFile; fileRef = A82411D81828FD5900C1F68F /* profileIcon561.jpg */; };
		A824125C1828FD5900C1F68F /* profileIcon562.jpg in Resources */ = {isa = PBXBuildFile; fileRef = A82411D91828FD5900C1F68F /* profileIcon562.jpg */; };
		A824125D1828FD5900C1F68F /* profileIcon563.jpg in Resources */ = {isa = PBXBuildFile; fileRef = A82411DA1828FD5900C1F68F /* profileIcon563.jpg */; };
		A824125E1828FD5900C1F68F /* profileIcon564.jpg in Resources */ = {isa = PBXBuildFile; fileRef = A82411DB1828FD5900C1F68F /* profileIcon564.jpg */; };
		A824125F1828FD5900C1F68F /* profileIcon565.jpg in Resources */ = {isa = PBXBuildFile; fileRef = A82411DC1828FD5900C1F68F /* profileIcon565.jpg */; };
		A82412601828FD5900C1F68F /* profileIcon566.jpg in Resources */ = {isa = PBXBuildFile; fileRef = A82411DD1828FD5900C1F68F /* profileIcon566.jpg */; };
		A82412611828FD5900C1F68F /* profileIcon567.jpg in Resources */ = {isa = PBXBuildFile; fileRef = A82411DE1828FD5900C1F68F /* profileIcon567.jpg */; };
		A82412621828FD5900C1F68F /* profileIcon568.jpg in Resources */ = {isa = PBXBuildFile; fileRef = A82411DF1828FD5900C1F68F /* profileIcon568.jpg */; };
		A82412631828FD5900C1F68F /* profileIcon569.jpg in Resources */ = {isa = PBXBuildFile; fileRef = A82411E01828FD5900C1F68F /* profileIcon569.jpg */; };
		A82412641828FD5900C1F68F /* profileIcon570.jpg in Resources */ = {isa = PBXBuildFile; fileRef = A82411E11828FD5900C1F68F /* profileIcon570.jpg */; };
		A82412651828FD5900C1F68F /* profileIcon571.jpg in Resources */ = {isa = PBXBuildFile; fileRef = A82411E21828FD5900C1F68F /* profileIcon571.jpg */; };
		A82412661828FD5900C1F68F /* profileIcon572.jpg in Resources */ = {isa = PBXBuildFile; fileRef = A82411E31828FD5900C1F68F /* profileIcon572.jpg */; };
		A82412671828FD5900C1F68F /* profileIcon573.jpg in Resources */ = {isa = PBXBuildFile; fileRef = A82411E41828FD5900C1F68F /* profileIcon573.jpg */; };
		A82412681828FD5900C1F68F /* profileIcon574.jpg in Resources */ = {isa = PBXBuildFile; fileRef = A82411E51828FD5900C1F68F /* profileIcon574.jpg */; };
		A82412691828FD5900C1F68F /* profileIcon575.jpg in Resources */ = {isa = PBXBuildFile; fileRef = A82411E61828FD5900C1F68F /* profileIcon575.jpg */; };
		A824126A1828FD5900C1F68F /* profileIcon576.jpg in Resources */ = {isa = PBXBuildFile; fileRef = A82411E71828FD5900C1F68F /* profileIcon576.jpg */; };
		A824126C1828FD5900C1F68F /* profileIcon578.jpg in Resources */ = {isa = PBXBuildFile; fileRef = A82411E91828FD5900C1F68F /* profileIcon578.jpg */; };
		A824126D1828FD5900C1F68F /* profileIcon579.jpg in Resources */ = {isa = PBXBuildFile; fileRef = A82411EA1828FD5900C1F68F /* profileIcon579.jpg */; };
		A824126E1828FD5900C1F68F /* profileIcon580.jpg in Resources */ = {isa = PBXBuildFile; fileRef = A82411EB1828FD5900C1F68F /* profileIcon580.jpg */; };
		A824126F1828FD5900C1F68F /* profileIcon581.jpg in Resources */ = {isa = PBXBuildFile; fileRef = A82411EC1828FD5900C1F68F /* profileIcon581.jpg */; };
		A82412701828FD5900C1F68F /* profileIcon582.jpg in Resources */ = {isa = PBXBuildFile; fileRef = A82411ED1828FD5900C1F68F /* profileIcon582.jpg */; };
		A82412711828FD5900C1F68F /* profileIcon583.jpg in Resources */ = {isa = PBXBuildFile; fileRef = A82411EE1828FD5900C1F68F /* profileIcon583.jpg */; };
		A82412721828FD5900C1F68F /* profileIcon584.jpg in Resources */ = {isa = PBXBuildFile; fileRef = A82411EF1828FD5900C1F68F /* profileIcon584.jpg */; };
		A82412731828FD5900C1F68F /* profileIcon585.jpg in Resources */ = {isa = PBXBuildFile; fileRef = A82411F01828FD5900C1F68F /* profileIcon585.jpg */; };
		A82412741828FD5900C1F68F /* profileIcon586.jpg in Resources */ = {isa = PBXBuildFile; fileRef = A82411F11828FD5900C1F68F /* profileIcon586.jpg */; };
		A82412751828FD5900C1F68F /* profileIcon6.jpg in Resources */ = {isa = PBXBuildFile; fileRef = A82411F21828FD5900C1F68F /* profileIcon6.jpg */; };
		A82412761828FD5900C1F68F /* profileIcon7.jpg in Resources */ = {isa = PBXBuildFile; fileRef = A82411F31828FD5900C1F68F /* profileIcon7.jpg */; };
		A82412771828FD5900C1F68F /* profileIcon8.jpg in Resources */ = {isa = PBXBuildFile; fileRef = A82411F41828FD5900C1F68F /* profileIcon8.jpg */; };
		A82412781828FD5900C1F68F /* profileIcon9.jpg in Resources */ = {isa = PBXBuildFile; fileRef = A82411F51828FD5900C1F68F /* profileIcon9.jpg */; };
		A82412791828FD5900C1F68F /* retrieveicon.py in Resources */ = {isa = PBXBuildFile; fileRef = A82411F61828FD5900C1F68F /* retrieveicon.py */; };
		A824127B1829006900C1F68F /* profileIcon577.jpg in Resources */ = {isa = PBXBuildFile; fileRef = A824127A1829006900C1F68F /* profileIcon577.jpg */; };
		A8D05D7D1827D14E00A22A87 /* Cocoa.framework in Frameworks */ = {isa = PBXBuildFile; fileRef = A8D05D7C1827D14E00A22A87 /* Cocoa.framework */; };
		A8D05D871827D14E00A22A87 /* InfoPlist.strings in Resources */ = {isa = PBXBuildFile; fileRef = A8D05D851827D14E00A22A87 /* InfoPlist.strings */; };
		A8D05D891827D14E00A22A87 /* main.m in Sources */ = {isa = PBXBuildFile; fileRef = A8D05D881827D14E00A22A87 /* main.m */; };
		A8D05D8D1827D14E00A22A87 /* Credits.rtf in Resources */ = {isa = PBXBuildFile; fileRef = A8D05D8B1827D14E00A22A87 /* Credits.rtf */; };
		A8D05D901827D14E00A22A87 /* AppDelegate.m in Sources */ = {isa = PBXBuildFile; fileRef = A8D05D8F1827D14E00A22A87 /* AppDelegate.m */; };
		A8D05D931827D14E00A22A87 /* MainMenu.xib in Resources */ = {isa = PBXBuildFile; fileRef = A8D05D911827D14E00A22A87 /* MainMenu.xib */; };
		A8D05D951827D14E00A22A87 /* Images.xcassets in Resources */ = {isa = PBXBuildFile; fileRef = A8D05D941827D14E00A22A87 /* Images.xcassets */; };
		A8D05D9C1827D14E00A22A87 /* XCTest.framework in Frameworks */ = {isa = PBXBuildFile; fileRef = A8D05D9B1827D14E00A22A87 /* XCTest.framework */; };
		A8D05D9D1827D14E00A22A87 /* Cocoa.framework in Frameworks */ = {isa = PBXBuildFile; fileRef = A8D05D7C1827D14E00A22A87 /* Cocoa.framework */; };
		A8D05DA51827D14E00A22A87 /* InfoPlist.strings in Resources */ = {isa = PBXBuildFile; fileRef = A8D05DA31827D14E00A22A87 /* InfoPlist.strings */; };
		A8D05DA71827D14E00A22A87 /* lolkingClientGUITests.m in Sources */ = {isa = PBXBuildFile; fileRef = A8D05DA61827D14E00A22A87 /* lolkingClientGUITests.m */; };
		A8D05DBA1827D18000A22A87 /* libxml2.2.dylib in Frameworks */ = {isa = PBXBuildFile; fileRef = A8D05DB91827D18000A22A87 /* libxml2.2.dylib */; };
		A8D05DC41827E69700A22A87 /* HTMLNode.m in Sources */ = {isa = PBXBuildFile; fileRef = A8D05DBF1827E69700A22A87 /* HTMLNode.m */; };
		A8D05DC51827E69700A22A87 /* HTMLParser.m in Sources */ = {isa = PBXBuildFile; fileRef = A8D05DC11827E69700A22A87 /* HTMLParser.m */; };
		A8D05DC61827E69700A22A87 /* summoner.m in Sources */ = {isa = PBXBuildFile; fileRef = A8D05DC31827E69700A22A87 /* summoner.m */; };
		A8D05DCD1828702600A22A87 /* katarina.png in Resources */ = {isa = PBXBuildFile; fileRef = A8D05DCC1828702600A22A87 /* katarina.png */; };
		A8D05DCF182871A700A22A87 /* LICENSE in Resources */ = {isa = PBXBuildFile; fileRef = A8D05DCE182871A700A22A87 /* LICENSE */; };
/* End PBXBuildFile section */

/* Begin PBXContainerItemProxy section */
		A8D05D9E1827D14E00A22A87 /* PBXContainerItemProxy */ = {
			isa = PBXContainerItemProxy;
			containerPortal = A8D05D711827D14E00A22A87 /* Project object */;
			proxyType = 1;
			remoteGlobalIDString = A8D05D781827D14E00A22A87;
			remoteInfo = lolkingClientGUI;
		};
/* End PBXContainerItemProxy section */

/* Begin PBXFileReference section */
		A82411741828FD5900C1F68F /* BlockedIcon.png */ = {isa = PBXFileReference; lastKnownFileType = image.png; path = BlockedIcon.png; sourceTree = "<group>"; };
		A82411751828FD5900C1F68F /* profileIcon0.jpg */ = {isa = PBXFileReference; lastKnownFileType = image.jpeg; path = profileIcon0.jpg; sourceTree = "<group>"; };
		A82411761828FD5900C1F68F /* profileIcon1.jpg */ = {isa = PBXFileReference; lastKnownFileType = image.jpeg; path = profileIcon1.jpg; sourceTree = "<group>"; };
		A82411771828FD5900C1F68F /* profileIcon10.jpg */ = {isa = PBXFileReference; lastKnownFileType = image.jpeg; path = profileIcon10.jpg; sourceTree = "<group>"; };
		A82411781828FD5900C1F68F /* profileIcon11.jpg */ = {isa = PBXFileReference; lastKnownFileType = image.jpeg; path = profileIcon11.jpg; sourceTree = "<group>"; };
		A82411791828FD5900C1F68F /* profileIcon12.jpg */ = {isa = PBXFileReference; lastKnownFileType = image.jpeg; path = profileIcon12.jpg; sourceTree = "<group>"; };
		A824117A1828FD5900C1F68F /* profileIcon13.jpg */ = {isa = PBXFileReference; lastKnownFileType = image.jpeg; path = profileIcon13.jpg; sourceTree = "<group>"; };
		A824117B1828FD5900C1F68F /* profileIcon14.jpg */ = {isa = PBXFileReference; lastKnownFileType = image.jpeg; path = profileIcon14.jpg; sourceTree = "<group>"; };
		A824117C1828FD5900C1F68F /* profileIcon15.jpg */ = {isa = PBXFileReference; lastKnownFileType = image.jpeg; path = profileIcon15.jpg; sourceTree = "<group>"; };
		A824117D1828FD5900C1F68F /* profileIcon16.jpg */ = {isa = PBXFileReference; lastKnownFileType = image.jpeg; path = profileIcon16.jpg; sourceTree = "<group>"; };
		A824117E1828FD5900C1F68F /* profileIcon17.jpg */ = {isa = PBXFileReference; lastKnownFileType = image.jpeg; path = profileIcon17.jpg; sourceTree = "<group>"; };
		A824117F1828FD5900C1F68F /* profileIcon18.jpg */ = {isa = PBXFileReference; lastKnownFileType = image.jpeg; path = profileIcon18.jpg; sourceTree = "<group>"; };
		A82411801828FD5900C1F68F /* profileIcon19.jpg */ = {isa = PBXFileReference; lastKnownFileType = image.jpeg; path = profileIcon19.jpg; sourceTree = "<group>"; };
		A82411811828FD5900C1F68F /* profileIcon2.jpg */ = {isa = PBXFileReference; lastKnownFileType = image.jpeg; path = profileIcon2.jpg; sourceTree = "<group>"; };
		A82411821828FD5900C1F68F /* profileIcon20.jpg */ = {isa = PBXFileReference; lastKnownFileType = image.jpeg; path = profileIcon20.jpg; sourceTree = "<group>"; };
		A82411831828FD5900C1F68F /* profileIcon21.jpg */ = {isa = PBXFileReference; lastKnownFileType = image.jpeg; path = profileIcon21.jpg; sourceTree = "<group>"; };
		A82411841828FD5900C1F68F /* profileIcon22.jpg */ = {isa = PBXFileReference; lastKnownFileType = image.jpeg; path = profileIcon22.jpg; sourceTree = "<group>"; };
		A82411851828FD5900C1F68F /* profileIcon23.jpg */ = {isa = PBXFileReference; lastKnownFileType = image.jpeg; path = profileIcon23.jpg; sourceTree = "<group>"; };
		A82411861828FD5900C1F68F /* profileIcon24.jpg */ = {isa = PBXFileReference; lastKnownFileType = image.jpeg; path = profileIcon24.jpg; sourceTree = "<group>"; };
		A82411871828FD5900C1F68F /* profileIcon25.jpg */ = {isa = PBXFileReference; lastKnownFileType = image.jpeg; path = profileIcon25.jpg; sourceTree = "<group>"; };
		A82411881828FD5900C1F68F /* profileIcon26.jpg */ = {isa = PBXFileReference; lastKnownFileType = image.jpeg; path = profileIcon26.jpg; sourceTree = "<group>"; };
		A82411891828FD5900C1F68F /* profileIcon27.jpg */ = {isa = PBXFileReference; lastKnownFileType = image.jpeg; path = profileIcon27.jpg; sourceTree = "<group>"; };
		A824118A1828FD5900C1F68F /* profileIcon28.jpg */ = {isa = PBXFileReference; lastKnownFileType = image.jpeg; path = profileIcon28.jpg; sourceTree = "<group>"; };
		A824118B1828FD5900C1F68F /* profileIcon29.jpg */ = {isa = PBXFileReference; lastKnownFileType = image.jpeg; path = profileIcon29.jpg; sourceTree = "<group>"; };
		A824118C1828FD5900C1F68F /* profileIcon3.jpg */ = {isa = PBXFileReference; lastKnownFileType = image.jpeg; path = profileIcon3.jpg; sourceTree = "<group>"; };
		A824118D1828FD5900C1F68F /* profileIcon30.jpg */ = {isa = PBXFileReference; lastKnownFileType = image.jpeg; path = profileIcon30.jpg; sourceTree = "<group>"; };
		A824118E1828FD5900C1F68F /* profileIcon31.jpg */ = {isa = PBXFileReference; lastKnownFileType = image.jpeg; path = profileIcon31.jpg; sourceTree = "<group>"; };
		A824118F1828FD5900C1F68F /* profileIcon32.jpg */ = {isa = PBXFileReference; lastKnownFileType = image.jpeg; path = profileIcon32.jpg; sourceTree = "<group>"; };
		A82411901828FD5900C1F68F /* profileIcon33.jpg */ = {isa = PBXFileReference; lastKnownFileType = image.jpeg; path = profileIcon33.jpg; sourceTree = "<group>"; };
		A82411911828FD5900C1F68F /* profileIcon34.jpg */ = {isa = PBXFileReference; lastKnownFileType = image.jpeg; path = profileIcon34.jpg; sourceTree = "<group>"; };
		A82411921828FD5900C1F68F /* profileIcon35.jpg */ = {isa = PBXFileReference; lastKnownFileType = image.jpeg; path = profileIcon35.jpg; sourceTree = "<group>"; };
		A82411931828FD5900C1F68F /* profileIcon36.jpg */ = {isa = PBXFileReference; lastKnownFileType = image.jpeg; path = profileIcon36.jpg; sourceTree = "<group>"; };
		A82411941828FD5900C1F68F /* profileIcon37.jpg */ = {isa = PBXFileReference; lastKnownFileType = image.jpeg; path = profileIcon37.jpg; sourceTree = "<group>"; };
		A82411951828FD5900C1F68F /* profileIcon38.jpg */ = {isa = PBXFileReference; lastKnownFileType = image.jpeg; path = profileIcon38.jpg; sourceTree = "<group>"; };
		A82411961828FD5900C1F68F /* profileIcon39.jpg */ = {isa = PBXFileReference; lastKnownFileType = image.jpeg; path = profileIcon39.jpg; sourceTree = "<group>"; };
		A82411971828FD5900C1F68F /* profileIcon4.jpg */ = {isa = PBXFileReference; lastKnownFileType = image.jpeg; path = profileIcon4.jpg; sourceTree = "<group>"; };
		A82411981828FD5900C1F68F /* profileIcon40.jpg */ = {isa = PBXFileReference; lastKnownFileType = image.jpeg; path = profileIcon40.jpg; sourceTree = "<group>"; };
		A82411991828FD5900C1F68F /* profileIcon41.jpg */ = {isa = PBXFileReference; lastKnownFileType = image.jpeg; path = profileIcon41.jpg; sourceTree = "<group>"; };
		A824119A1828FD5900C1F68F /* profileIcon42.jpg */ = {isa = PBXFileReference; lastKnownFileType = image.jpeg; path = profileIcon42.jpg; sourceTree = "<group>"; };
		A824119B1828FD5900C1F68F /* profileIcon5.jpg */ = {isa = PBXFileReference; lastKnownFileType = image.jpeg; path = profileIcon5.jpg; sourceTree = "<group>"; };
		A824119C1828FD5900C1F68F /* profileIcon501.jpg */ = {isa = PBXFileReference; lastKnownFileType = image.jpeg; path = profileIcon501.jpg; sourceTree = "<group>"; };
		A824119D1828FD5900C1F68F /* profileIcon502.jpg */ = {isa = PBXFileReference; lastKnownFileType = image.jpeg; path = profileIcon502.jpg; sourceTree = "<group>"; };
		A824119E1828FD5900C1F68F /* profileIcon503.jpg */ = {isa = PBXFileReference; lastKnownFileType = image.jpeg; path = profileIcon503.jpg; sourceTree = "<group>"; };
		A824119F1828FD5900C1F68F /* profileIcon504.jpg */ = {isa = PBXFileReference; lastKnownFileType = image.jpeg; path = profileIcon504.jpg; sourceTree = "<group>"; };
		A82411A01828FD5900C1F68F /* profileIcon505.jpg */ = {isa = PBXFileReference; lastKnownFileType = image.jpeg; path = profileIcon505.jpg; sourceTree = "<group>"; };
		A82411A11828FD5900C1F68F /* profileIcon506.jpg */ = {isa = PBXFileReference; lastKnownFileType = image.jpeg; path = profileIcon506.jpg; sourceTree = "<group>"; };
		A82411A21828FD5900C1F68F /* profileIcon507.jpg */ = {isa = PBXFileReference; lastKnownFileType = image.jpeg; path = profileIcon507.jpg; sourceTree = "<group>"; };
		A82411A31828FD5900C1F68F /* profileIcon508.jpg */ = {isa = PBXFileReference; lastKnownFileType = image.jpeg; path = profileIcon508.jpg; sourceTree = "<group>"; };
		A82411A41828FD5900C1F68F /* profileIcon509.jpg */ = {isa = PBXFileReference; lastKnownFileType = image.jpeg; path = profileIcon509.jpg; sourceTree = "<group>"; };
		A82411A51828FD5900C1F68F /* profileIcon510.jpg */ = {isa = PBXFileReference; lastKnownFileType = image.jpeg; path = profileIcon510.jpg; sourceTree = "<group>"; };
		A82411A61828FD5900C1F68F /* profileIcon511.jpg */ = {isa = PBXFileReference; lastKnownFileType = image.jpeg; path = profileIcon511.jpg; sourceTree = "<group>"; };
		A82411A71828FD5900C1F68F /* profileIcon512.jpg */ = {isa = PBXFileReference; lastKnownFileType = image.jpeg; path = profileIcon512.jpg; sourceTree = "<group>"; };
		A82411A81828FD5900C1F68F /* profileIcon513.jpg */ = {isa = PBXFileReference; lastKnownFileType = image.jpeg; path = profileIcon513.jpg; sourceTree = "<group>"; };
		A82411A91828FD5900C1F68F /* profileIcon514.jpg */ = {isa = PBXFileReference; lastKnownFileType = image.jpeg; path = profileIcon514.jpg; sourceTree = "<group>"; };
		A82411AA1828FD5900C1F68F /* profileIcon515.jpg */ = {isa = PBXFileReference; lastKnownFileType = image.jpeg; path = profileIcon515.jpg; sourceTree = "<group>"; };
		A82411AB1828FD5900C1F68F /* profileIcon516.jpg */ = {isa = PBXFileReference; lastKnownFileType = image.jpeg; path = profileIcon516.jpg; sourceTree = "<group>"; };
		A82411AC1828FD5900C1F68F /* profileIcon517.jpg */ = {isa = PBXFileReference; lastKnownFileType = image.jpeg; path = profileIcon517.jpg; sourceTree = "<group>"; };
		A82411AD1828FD5900C1F68F /* profileIcon518.jpg */ = {isa = PBXFileReference; lastKnownFileType = image.jpeg; path = profileIcon518.jpg; sourceTree = "<group>"; };
		A82411AE1828FD5900C1F68F /* profileIcon519.jpg */ = {isa = PBXFileReference; lastKnownFileType = image.jpeg; path = profileIcon519.jpg; sourceTree = "<group>"; };
		A82411AF1828FD5900C1F68F /* profileIcon520.jpg */ = {isa = PBXFileReference; lastKnownFileType = image.jpeg; path = profileIcon520.jpg; sourceTree = "<group>"; };
		A82411B01828FD5900C1F68F /* profileIcon521.jpg */ = {isa = PBXFileReference; lastKnownFileType = image.jpeg; path = profileIcon521.jpg; sourceTree = "<group>"; };
		A82411B11828FD5900C1F68F /* profileIcon522.jpg */ = {isa = PBXFileReference; lastKnownFileType = image.jpeg; path = profileIcon522.jpg; sourceTree = "<group>"; };
		A82411B21828FD5900C1F68F /* profileIcon523.jpg */ = {isa = PBXFileReference; lastKnownFileType = image.jpeg; path = profileIcon523.jpg; sourceTree = "<group>"; };
		A82411B31828FD5900C1F68F /* profileIcon524.jpg */ = {isa = PBXFileReference; lastKnownFileType = image.jpeg; path = profileIcon524.jpg; sourceTree = "<group>"; };
		A82411B41828FD5900C1F68F /* profileIcon525.jpg */ = {isa = PBXFileReference; lastKnownFileType = image.jpeg; path = profileIcon525.jpg; sourceTree = "<group>"; };
		A82411B51828FD5900C1F68F /* profileIcon526.jpg */ = {isa = PBXFileReference; lastKnownFileType = image.jpeg; path = profileIcon526.jpg; sourceTree = "<group>"; };
		A82411B61828FD5900C1F68F /* profileIcon527.jpg */ = {isa = PBXFileReference; lastKnownFileType = image.jpeg; path = profileIcon527.jpg; sourceTree = "<group>"; };
		A82411B71828FD5900C1F68F /* profileIcon528.jpg */ = {isa = PBXFileReference; lastKnownFileType = image.jpeg; path = profileIcon528.jpg; sourceTree = "<group>"; };
		A82411B81828FD5900C1F68F /* profileIcon529.jpg */ = {isa = PBXFileReference; lastKnownFileType = image.jpeg; path = profileIcon529.jpg; sourceTree = "<group>"; };
		A82411B91828FD5900C1F68F /* profileIcon530.jpg */ = {isa = PBXFileReference; lastKnownFileType = image.jpeg; path = profileIcon530.jpg; sourceTree = "<group>"; };
		A82411BA1828FD5900C1F68F /* profileIcon531.jpg */ = {isa = PBXFileReference; lastKnownFileType = image.jpeg; path = profileIcon531.jpg; sourceTree = "<group>"; };
		A82411BB1828FD5900C1F68F /* profileIcon532.jpg */ = {isa = PBXFileReference; lastKnownFileType = image.jpeg; path = profileIcon532.jpg; sourceTree = "<group>"; };
		A82411BC1828FD5900C1F68F /* profileIcon533.jpg */ = {isa = PBXFileReference; lastKnownFileType = image.jpeg; path = profileIcon533.jpg; sourceTree = "<group>"; };
		A82411BD1828FD5900C1F68F /* profileIcon534.jpg */ = {isa = PBXFileReference; lastKnownFileType = image.jpeg; path = profileIcon534.jpg; sourceTree = "<group>"; };
		A82411BE1828FD5900C1F68F /* profileIcon535.jpg */ = {isa = PBXFileReference; lastKnownFileType = image.jpeg; path = profileIcon535.jpg; sourceTree = "<group>"; };
		A82411BF1828FD5900C1F68F /* profileIcon536.jpg */ = {isa = PBXFileReference; lastKnownFileType = image.jpeg; path = profileIcon536.jpg; sourceTree = "<group>"; };
		A82411C01828FD5900C1F68F /* profileIcon537.jpg */ = {isa = PBXFileReference; lastKnownFileType = image.jpeg; path = profileIcon537.jpg; sourceTree = "<group>"; };
		A82411C11828FD5900C1F68F /* profileIcon538.jpg */ = {isa = PBXFileReference; lastKnownFileType = image.jpeg; path = profileIcon538.jpg; sourceTree = "<group>"; };
		A82411C21828FD5900C1F68F /* profileIcon539.jpg */ = {isa = PBXFileReference; lastKnownFileType = image.jpeg; path = profileIcon539.jpg; sourceTree = "<group>"; };
		A82411C31828FD5900C1F68F /* profileIcon540.jpg */ = {isa = PBXFileReference; lastKnownFileType = image.jpeg; path = profileIcon540.jpg; sourceTree = "<group>"; };
		A82411C41828FD5900C1F68F /* profileIcon541.jpg */ = {isa = PBXFileReference; lastKnownFileType = image.jpeg; path = profileIcon541.jpg; sourceTree = "<group>"; };
		A82411C51828FD5900C1F68F /* profileIcon542.jpg */ = {isa = PBXFileReference; lastKnownFileType = image.jpeg; path = profileIcon542.jpg; sourceTree = "<group>"; };
		A82411C61828FD5900C1F68F /* profileIcon543.jpg */ = {isa = PBXFileReference; lastKnownFileType = image.jpeg; path = profileIcon543.jpg; sourceTree = "<group>"; };
		A82411C71828FD5900C1F68F /* profileIcon544.jpg */ = {isa = PBXFileReference; lastKnownFileType = image.jpeg; path = profileIcon544.jpg; sourceTree = "<group>"; };
		A82411C81828FD5900C1F68F /* profileIcon545.jpg */ = {isa = PBXFileReference; lastKnownFileType = image.jpeg; path = profileIcon545.jpg; sourceTree = "<group>"; };
		A82411C91828FD5900C1F68F /* profileIcon546.jpg */ = {isa = PBXFileReference; lastKnownFileType = image.jpeg; path = profileIcon546.jpg; sourceTree = "<group>"; };
		A82411CA1828FD5900C1F68F /* profileIcon547.jpg */ = {isa = PBXFileReference; lastKnownFileType = image.jpeg; path = profileIcon547.jpg; sourceTree = "<group>"; };
		A82411CB1828FD5900C1F68F /* profileIcon548.jpg */ = {isa = PBXFileReference; lastKnownFileType = image.jpeg; path = profileIcon548.jpg; sourceTree = "<group>"; };
		A82411CC1828FD5900C1F68F /* profileIcon549.jpg */ = {isa = PBXFileReference; lastKnownFileType = image.jpeg; path = profileIcon549.jpg; sourceTree = "<group>"; };
		A82411CD1828FD5900C1F68F /* profileIcon550.jpg */ = {isa = PBXFileReference; lastKnownFileType = image.jpeg; path = profileIcon550.jpg; sourceTree = "<group>"; };
		A82411CE1828FD5900C1F68F /* profileIcon551.jpg */ = {isa = PBXFileReference; lastKnownFileType = image.jpeg; path = profileIcon551.jpg; sourceTree = "<group>"; };
		A82411CF1828FD5900C1F68F /* profileIcon552.jpg */ = {isa = PBXFileReference; lastKnownFileType = image.jpeg; path = profileIcon552.jpg; sourceTree = "<group>"; };
		A82411D01828FD5900C1F68F /* profileIcon553.jpg */ = {isa = PBXFileReference; lastKnownFileType = image.jpeg; path = profileIcon553.jpg; sourceTree = "<group>"; };
		A82411D11828FD5900C1F68F /* profileIcon554.jpg */ = {isa = PBXFileReference; lastKnownFileType = image.jpeg; path = profileIcon554.jpg; sourceTree = "<group>"; };
		A82411D21828FD5900C1F68F /* profileIcon555.jpg */ = {isa = PBXFileReference; lastKnownFileType = image.jpeg; path = profileIcon555.jpg; sourceTree = "<group>"; };
		A82411D31828FD5900C1F68F /* profileIcon556.jpg */ = {isa = PBXFileReference; lastKnownFileType = image.jpeg; path = profileIcon556.jpg; sourceTree = "<group>"; };
		A82411D41828FD5900C1F68F /* profileIcon557.jpg */ = {isa = PBXFileReference; lastKnownFileType = image.jpeg; path = profileIcon557.jpg; sourceTree = "<group>"; };
		A82411D51828FD5900C1F68F /* profileIcon558.jpg */ = {isa = PBXFileReference; lastKnownFileType = image.jpeg; path = profileIcon558.jpg; sourceTree = "<group>"; };
		A82411D61828FD5900C1F68F /* profileIcon559.jpg */ = {isa = PBXFileReference; lastKnownFileType = image.jpeg; path = profileIcon559.jpg; sourceTree = "<group>"; };
		A82411D71828FD5900C1F68F /* profileIcon560.jpg */ = {isa = PBXFileReference; lastKnownFileType = image.jpeg; path = profileIcon560.jpg; sourceTree = "<group>"; };
		A82411D81828FD5900C1F68F /* profileIcon561.jpg */ = {isa = PBXFileReference; lastKnownFileType = image.jpeg; path = profileIcon561.jpg; sourceTree = "<group>"; };
		A82411D91828FD5900C1F68F /* profileIcon562.jpg */ = {isa = PBXFileReference; lastKnownFileType = image.jpeg; path = profileIcon562.jpg; sourceTree = "<group>"; };
		A82411DA1828FD5900C1F68F /* profileIcon563.jpg */ = {isa = PBXFileReference; lastKnownFileType = image.jpeg; path = profileIcon563.jpg; sourceTree = "<group>"; };
		A82411DB1828FD5900C1F68F /* profileIcon564.jpg */ = {isa = PBXFileReference; lastKnownFileType = image.jpeg; path = profileIcon564.jpg; sourceTree = "<group>"; };
		A82411DC1828FD5900C1F68F /* profileIcon565.jpg */ = {isa = PBXFileReference; lastKnownFileType = image.jpeg; path = profileIcon565.jpg; sourceTree = "<group>"; };
		A82411DD1828FD5900C1F68F /* profileIcon566.jpg */ = {isa = PBXFileReference; lastKnownFileType = image.jpeg; path = profileIcon566.jpg; sourceTree = "<group>"; };
		A82411DE1828FD5900C1F68F /* profileIcon567.jpg */ = {isa = PBXFileReference; lastKnownFileType = image.jpeg; path = profileIcon567.jpg; sourceTree = "<group>"; };
		A82411DF1828FD5900C1F68F /* profileIcon568.jpg */ = {isa = PBXFileReference; lastKnownFileType = image.jpeg; path = profileIcon568.jpg; sourceTree = "<group>"; };
		A82411E01828FD5900C1F68F /* profileIcon569.jpg */ = {isa = PBXFileReference; lastKnownFileType = image.jpeg; path = profileIcon569.jpg; sourceTree = "<group>"; };
		A82411E11828FD5900C1F68F /* profileIcon570.jpg */ = {isa = PBXFileReference; lastKnownFileType = image.jpeg; path = profileIcon570.jpg; sourceTree = "<group>"; };
		A82411E21828FD5900C1F68F /* profileIcon571.jpg */ = {isa = PBXFileReference; lastKnownFileType = image.jpeg; path = profileIcon571.jpg; sourceTree = "<group>"; };
		A82411E31828FD5900C1F68F /* profileIcon572.jpg */ = {isa = PBXFileReference; lastKnownFileType = image.jpeg; path = profileIcon572.jpg; sourceTree = "<group>"; };
		A82411E41828FD5900C1F68F /* profileIcon573.jpg */ = {isa = PBXFileReference; lastKnownFileType = image.jpeg; path = profileIcon573.jpg; sourceTree = "<group>"; };
		A82411E51828FD5900C1F68F /* profileIcon574.jpg */ = {isa = PBXFileReference; lastKnownFileType = image.jpeg; path = profileIcon574.jpg; sourceTree = "<group>"; };
		A82411E61828FD5900C1F68F /* profileIcon575.jpg */ = {isa = PBXFileReference; lastKnownFileType = image.jpeg; path = profileIcon575.jpg; sourceTree = "<group>"; };
		A82411E71828FD5900C1F68F /* profileIcon576.jpg */ = {isa = PBXFileReference; lastKnownFileType = image.jpeg; path = profileIcon576.jpg; sourceTree = "<group>"; };
		A82411E91828FD5900C1F68F /* profileIcon578.jpg */ = {isa = PBXFileReference; lastKnownFileType = image.jpeg; path = profileIcon578.jpg; sourceTree = "<group>"; };
		A82411EA1828FD5900C1F68F /* profileIcon579.jpg */ = {isa = PBXFileReference; lastKnownFileType = image.jpeg; path = profileIcon579.jpg; sourceTree = "<group>"; };
		A82411EB1828FD5900C1F68F /* profileIcon580.jpg */ = {isa = PBXFileReference; lastKnownFileType = image.jpeg; path = profileIcon580.jpg; sourceTree = "<group>"; };
		A82411EC1828FD5900C1F68F /* profileIcon581.jpg */ = {isa = PBXFileReference; lastKnownFileType = image.jpeg; path = profileIcon581.jpg; sourceTree = "<group>"; };
		A82411ED1828FD5900C1F68F /* profileIcon582.jpg */ = {isa = PBXFileReference; lastKnownFileType = image.jpeg; path = profileIcon582.jpg; sourceTree = "<group>"; };
		A82411EE1828FD5900C1F68F /* profileIcon583.jpg */ = {isa = PBXFileReference; lastKnownFileType = image.jpeg; path = profileIcon583.jpg; sourceTree = "<group>"; };
		A82411EF1828FD5900C1F68F /* profileIcon584.jpg */ = {isa = PBXFileReference; lastKnownFileType = image.jpeg; path = profileIcon584.jpg; sourceTree = "<group>"; };
		A82411F01828FD5900C1F68F /* profileIcon585.jpg */ = {isa = PBXFileReference; lastKnownFileType = image.jpeg; path = profileIcon585.jpg; sourceTree = "<group>"; };
		A82411F11828FD5900C1F68F /* profileIcon586.jpg */ = {isa = PBXFileReference; lastKnownFileType = image.jpeg; path = profileIcon586.jpg; sourceTree = "<group>"; };
		A82411F21828FD5900C1F68F /* profileIcon6.jpg */ = {isa = PBXFileReference; lastKnownFileType = image.jpeg; path = profileIcon6.jpg; sourceTree = "<group>"; };
		A82411F31828FD5900C1F68F /* profileIcon7.jpg */ = {isa = PBXFileReference; lastKnownFileType = image.jpeg; path = profileIcon7.jpg; sourceTree = "<group>"; };
		A82411F41828FD5900C1F68F /* profileIcon8.jpg */ = {isa = PBXFileReference; lastKnownFileType = image.jpeg; path = profileIcon8.jpg; sourceTree = "<group>"; };
		A82411F51828FD5900C1F68F /* profileIcon9.jpg */ = {isa = PBXFileReference; lastKnownFileType = image.jpeg; path = profileIcon9.jpg; sourceTree = "<group>"; };
		A82411F61828FD5900C1F68F /* retrieveicon.py */ = {isa = PBXFileReference; fileEncoding = 4; lastKnownFileType = text.script.python; path = retrieveicon.py; sourceTree = "<group>"; };
		A824127A1829006900C1F68F /* profileIcon577.jpg */ = {isa = PBXFileReference; lastKnownFileType = image.jpeg; path = profileIcon577.jpg; sourceTree = "<group>"; };
		A8D05D791827D14E00A22A87 /* lolkingClientGUI.app */ = {isa = PBXFileReference; explicitFileType = wrapper.application; includeInIndex = 0; path = lolkingClientGUI.app; sourceTree = BUILT_PRODUCTS_DIR; };
		A8D05D7C1827D14E00A22A87 /* Cocoa.framework */ = {isa = PBXFileReference; lastKnownFileType = wrapper.framework; name = Cocoa.framework; path = System/Library/Frameworks/Cocoa.framework; sourceTree = SDKROOT; };
		A8D05D7F1827D14E00A22A87 /* AppKit.framework */ = {isa = PBXFileReference; lastKnownFileType = wrapper.framework; name = AppKit.framework; path = System/Library/Frameworks/AppKit.framework; sourceTree = SDKROOT; };
		A8D05D801827D14E00A22A87 /* CoreData.framework */ = {isa = PBXFileReference; lastKnownFileType = wrapper.framework; name = CoreData.framework; path = System/Library/Frameworks/CoreData.framework; sourceTree = SDKROOT; };
		A8D05D811827D14E00A22A87 /* Foundation.framework */ = {isa = PBXFileReference; lastKnownFileType = wrapper.framework; name = Foundation.framework; path = System/Library/Frameworks/Foundation.framework; sourceTree = SDKROOT; };
		A8D05D841827D14E00A22A87 /* lolkingClientGUI-Info.plist */ = {isa = PBXFileReference; lastKnownFileType = text.plist.xml; path = "lolkingClientGUI-Info.plist"; sourceTree = "<group>"; };
		A8D05D861827D14E00A22A87 /* en */ = {isa = PBXFileReference; lastKnownFileType = text.plist.strings; name = en; path = en.lproj/InfoPlist.strings; sourceTree = "<group>"; };
		A8D05D881827D14E00A22A87 /* main.m */ = {isa = PBXFileReference; lastKnownFileType = sourcecode.c.objc; path = main.m; sourceTree = "<group>"; };
		A8D05D8A1827D14E00A22A87 /* lolkingClientGUI-Prefix.pch */ = {isa = PBXFileReference; lastKnownFileType = sourcecode.c.h; path = "lolkingClientGUI-Prefix.pch"; sourceTree = "<group>"; };
		A8D05D8C1827D14E00A22A87 /* en */ = {isa = PBXFileReference; lastKnownFileType = text.rtf; name = en; path = en.lproj/Credits.rtf; sourceTree = "<group>"; };
		A8D05D8E1827D14E00A22A87 /* AppDelegate.h */ = {isa = PBXFileReference; lastKnownFileType = sourcecode.c.h; path = AppDelegate.h; sourceTree = "<group>"; };
		A8D05D8F1827D14E00A22A87 /* AppDelegate.m */ = {isa = PBXFileReference; lastKnownFileType = sourcecode.c.objc; path = AppDelegate.m; sourceTree = "<group>"; };
		A8D05D921827D14E00A22A87 /* Base */ = {isa = PBXFileReference; lastKnownFileType = file.xib; name = Base; path = Base.lproj/MainMenu.xib; sourceTree = "<group>"; };
		A8D05D941827D14E00A22A87 /* Images.xcassets */ = {isa = PBXFileReference; lastKnownFileType = folder.assetcatalog; path = Images.xcassets; sourceTree = "<group>"; };
		A8D05D9A1827D14E00A22A87 /* lolkingClientGUITests.xctest */ = {isa = PBXFileReference; explicitFileType = wrapper.cfbundle; includeInIndex = 0; path = lolkingClientGUITests.xctest; sourceTree = BUILT_PRODUCTS_DIR; };
		A8D05D9B1827D14E00A22A87 /* XCTest.framework */ = {isa = PBXFileReference; lastKnownFileType = wrapper.framework; name = XCTest.framework; path = Library/Frameworks/XCTest.framework; sourceTree = DEVELOPER_DIR; };
		A8D05DA21827D14E00A22A87 /* lolkingClientGUITests-Info.plist */ = {isa = PBXFileReference; lastKnownFileType = text.plist.xml; path = "lolkingClientGUITests-Info.plist"; sourceTree = "<group>"; };
		A8D05DA41827D14E00A22A87 /* en */ = {isa = PBXFileReference; lastKnownFileType = text.plist.strings; name = en; path = en.lproj/InfoPlist.strings; sourceTree = "<group>"; };
		A8D05DA61827D14E00A22A87 /* lolkingClientGUITests.m */ = {isa = PBXFileReference; lastKnownFileType = sourcecode.c.objc; path = lolkingClientGUITests.m; sourceTree = "<group>"; };
		A8D05DB91827D18000A22A87 /* libxml2.2.dylib */ = {isa = PBXFileReference; lastKnownFileType = "compiled.mach-o.dylib"; name = libxml2.2.dylib; path = usr/lib/libxml2.2.dylib; sourceTree = SDKROOT; };
		A8D05DBE1827E69700A22A87 /* HTMLNode.h */ = {isa = PBXFileReference; fileEncoding = 4; lastKnownFileType = sourcecode.c.h; path = HTMLNode.h; sourceTree = "<group>"; };
		A8D05DBF1827E69700A22A87 /* HTMLNode.m */ = {isa = PBXFileReference; fileEncoding = 4; lastKnownFileType = sourcecode.c.objc; path = HTMLNode.m; sourceTree = "<group>"; };
		A8D05DC01827E69700A22A87 /* HTMLParser.h */ = {isa = PBXFileReference; fileEncoding = 4; lastKnownFileType = sourcecode.c.h; path = HTMLParser.h; sourceTree = "<group>"; };
		A8D05DC11827E69700A22A87 /* HTMLParser.m */ = {isa = PBXFileReference; fileEncoding = 4; lastKnownFileType = sourcecode.c.objc; path = HTMLParser.m; sourceTree = "<group>"; };
		A8D05DC21827E69700A22A87 /* summoner.h */ = {isa = PBXFileReference; fileEncoding = 4; lastKnownFileType = sourcecode.c.h; path = summoner.h; sourceTree = "<group>"; };
		A8D05DC31827E69700A22A87 /* summoner.m */ = {isa = PBXFileReference; fileEncoding = 4; lastKnownFileType = sourcecode.c.objc; path = summoner.m; sourceTree = "<group>"; };
		A8D05DC71827EBF000A22A87 /* version.h */ = {isa = PBXFileReference; lastKnownFileType = sourcecode.c.h; path = version.h; sourceTree = "<group>"; };
		A8D05DC91827ED4F00A22A87 /* en */ = {isa = PBXFileReference; lastKnownFileType = text.plist.strings; name = en; path = en.lproj/MainMenu.strings; sourceTree = "<group>"; };
		A8D05DCC1828702600A22A87 /* katarina.png */ = {isa = PBXFileReference; lastKnownFileType = image.png; path = katarina.png; sourceTree = "<group>"; };
		A8D05DCE182871A700A22A87 /* LICENSE */ = {isa = PBXFileReference; fileEncoding = 4; lastKnownFileType = text; path = LICENSE; sourceTree = "<group>"; };
		A8D05DD01828763200A22A87 /* lolkingClientGUI.entitlements */ = {isa = PBXFileReference; lastKnownFileType = text.xml; path = lolkingClientGUI.entitlements; sourceTree = "<group>"; };
/* End PBXFileReference section */

/* Begin PBXFrameworksBuildPhase section */
		A8D05D761827D14E00A22A87 /* Frameworks */ = {
			isa = PBXFrameworksBuildPhase;
			buildActionMask = 2147483647;
			files = (
				A8D05DBA1827D18000A22A87 /* libxml2.2.dylib in Frameworks */,
				A8D05D7D1827D14E00A22A87 /* Cocoa.framework in Frameworks */,
			);
			runOnlyForDeploymentPostprocessing = 0;
		};
		A8D05D971827D14E00A22A87 /* Frameworks */ = {
			isa = PBXFrameworksBuildPhase;
			buildActionMask = 2147483647;
			files = (
				A8D05D9D1827D14E00A22A87 /* Cocoa.framework in Frameworks */,
				A8D05D9C1827D14E00A22A87 /* XCTest.framework in Frameworks */,
			);
			runOnlyForDeploymentPostprocessing = 0;
		};
/* End PBXFrameworksBuildPhase section */

/* Begin PBXGroup section */
		A82411731828FD5900C1F68F /* icons */ = {
			isa = PBXGroup;
			children = (
				A824127A1829006900C1F68F /* profileIcon577.jpg */,
				A82411741828FD5900C1F68F /* BlockedIcon.png */,
				A82411751828FD5900C1F68F /* profileIcon0.jpg */,
				A82411761828FD5900C1F68F /* profileIcon1.jpg */,
				A82411771828FD5900C1F68F /* profileIcon10.jpg */,
				A82411781828FD5900C1F68F /* profileIcon11.jpg */,
				A82411791828FD5900C1F68F /* profileIcon12.jpg */,
				A824117A1828FD5900C1F68F /* profileIcon13.jpg */,
				A824117B1828FD5900C1F68F /* profileIcon14.jpg */,
				A824117C1828FD5900C1F68F /* profileIcon15.jpg */,
				A824117D1828FD5900C1F68F /* profileIcon16.jpg */,
				A824117E1828FD5900C1F68F /* profileIcon17.jpg */,
				A824117F1828FD5900C1F68F /* profileIcon18.jpg */,
				A82411801828FD5900C1F68F /* profileIcon19.jpg */,
				A82411811828FD5900C1F68F /* profileIcon2.jpg */,
				A82411821828FD5900C1F68F /* profileIcon20.jpg */,
				A82411831828FD5900C1F68F /* profileIcon21.jpg */,
				A82411841828FD5900C1F68F /* profileIcon22.jpg */,
				A82411851828FD5900C1F68F /* profileIcon23.jpg */,
				A82411861828FD5900C1F68F /* profileIcon24.jpg */,
				A82411871828FD5900C1F68F /* profileIcon25.jpg */,
				A82411881828FD5900C1F68F /* profileIcon26.jpg */,
				A82411891828FD5900C1F68F /* profileIcon27.jpg */,
				A824118A1828FD5900C1F68F /* profileIcon28.jpg */,
				A824118B1828FD5900C1F68F /* profileIcon29.jpg */,
				A824118C1828FD5900C1F68F /* profileIcon3.jpg */,
				A824118D1828FD5900C1F68F /* profileIcon30.jpg */,
				A824118E1828FD5900C1F68F /* profileIcon31.jpg */,
				A824118F1828FD5900C1F68F /* profileIcon32.jpg */,
				A82411901828FD5900C1F68F /* profileIcon33.jpg */,
				A82411911828FD5900C1F68F /* profileIcon34.jpg */,
				A82411921828FD5900C1F68F /* profileIcon35.jpg */,
				A82411931828FD5900C1F68F /* profileIcon36.jpg */,
				A82411941828FD5900C1F68F /* profileIcon37.jpg */,
				A82411951828FD5900C1F68F /* profileIcon38.jpg */,
				A82411961828FD5900C1F68F /* profileIcon39.jpg */,
				A82411971828FD5900C1F68F /* profileIcon4.jpg */,
				A82411981828FD5900C1F68F /* profileIcon40.jpg */,
				A82411991828FD5900C1F68F /* profileIcon41.jpg */,
				A824119A1828FD5900C1F68F /* profileIcon42.jpg */,
				A824119B1828FD5900C1F68F /* profileIcon5.jpg */,
				A824119C1828FD5900C1F68F /* profileIcon501.jpg */,
				A824119D1828FD5900C1F68F /* profileIcon502.jpg */,
				A824119E1828FD5900C1F68F /* profileIcon503.jpg */,
				A824119F1828FD5900C1F68F /* profileIcon504.jpg */,
				A82411A01828FD5900C1F68F /* profileIcon505.jpg */,
				A82411A11828FD5900C1F68F /* profileIcon506.jpg */,
				A82411A21828FD5900C1F68F /* profileIcon507.jpg */,
				A82411A31828FD5900C1F68F /* profileIcon508.jpg */,
				A82411A41828FD5900C1F68F /* profileIcon509.jpg */,
				A82411A51828FD5900C1F68F /* profileIcon510.jpg */,
				A82411A61828FD5900C1F68F /* profileIcon511.jpg */,
				A82411A71828FD5900C1F68F /* profileIcon512.jpg */,
				A82411A81828FD5900C1F68F /* profileIcon513.jpg */,
				A82411A91828FD5900C1F68F /* profileIcon514.jpg */,
				A82411AA1828FD5900C1F68F /* profileIcon515.jpg */,
				A82411AB1828FD5900C1F68F /* profileIcon516.jpg */,
				A82411AC1828FD5900C1F68F /* profileIcon517.jpg */,
				A82411AD1828FD5900C1F68F /* profileIcon518.jpg */,
				A82411AE1828FD5900C1F68F /* profileIcon519.jpg */,
				A82411AF1828FD5900C1F68F /* profileIcon520.jpg */,
				A82411B01828FD5900C1F68F /* profileIcon521.jpg */,
				A82411B11828FD5900C1F68F /* profileIcon522.jpg */,
				A82411B21828FD5900C1F68F /* profileIcon523.jpg */,
				A82411B31828FD5900C1F68F /* profileIcon524.jpg */,
				A82411B41828FD5900C1F68F /* profileIcon525.jpg */,
				A82411B51828FD5900C1F68F /* profileIcon526.jpg */,
				A82411B61828FD5900C1F68F /* profileIcon527.jpg */,
				A82411B71828FD5900C1F68F /* profileIcon528.jpg */,
				A82411B81828FD5900C1F68F /* profileIcon529.jpg */,
				A82411B91828FD5900C1F68F /* profileIcon530.jpg */,
				A82411BA1828FD5900C1F68F /* profileIcon531.jpg */,
				A82411BB1828FD5900C1F68F /* profileIcon532.jpg */,
				A82411BC1828FD5900C1F68F /* profileIcon533.jpg */,
				A82411BD1828FD5900C1F68F /* profileIcon534.jpg */,
				A82411BE1828FD5900C1F68F /* profileIcon535.jpg */,
				A82411BF1828FD5900C1F68F /* profileIcon536.jpg */,
				A82411C01828FD5900C1F68F /* profileIcon537.jpg */,
				A82411C11828FD5900C1F68F /* profileIcon538.jpg */,
				A82411C21828FD5900C1F68F /* profileIcon539.jpg */,
				A82411C31828FD5900C1F68F /* profileIcon540.jpg */,
				A82411C41828FD5900C1F68F /* profileIcon541.jpg */,
				A82411C51828FD5900C1F68F /* profileIcon542.jpg */,
				A82411C61828FD5900C1F68F /* profileIcon543.jpg */,
				A82411C71828FD5900C1F68F /* profileIcon544.jpg */,
				A82411C81828FD5900C1F68F /* profileIcon545.jpg */,
				A82411C91828FD5900C1F68F /* profileIcon546.jpg */,
				A82411CA1828FD5900C1F68F /* profileIcon547.jpg */,
				A82411CB1828FD5900C1F68F /* profileIcon548.jpg */,
				A82411CC1828FD5900C1F68F /* profileIcon549.jpg */,
				A82411CD1828FD5900C1F68F /* profileIcon550.jpg */,
				A82411CE1828FD5900C1F68F /* profileIcon551.jpg */,
				A82411CF1828FD5900C1F68F /* profileIcon552.jpg */,
				A82411D01828FD5900C1F68F /* profileIcon553.jpg */,
				A82411D11828FD5900C1F68F /* profileIcon554.jpg */,
				A82411D21828FD5900C1F68F /* profileIcon555.jpg */,
				A82411D31828FD5900C1F68F /* profileIcon556.jpg */,
				A82411D41828FD5900C1F68F /* profileIcon557.jpg */,
				A82411D51828FD5900C1F68F /* profileIcon558.jpg */,
				A82411D61828FD5900C1F68F /* profileIcon559.jpg */,
				A82411D71828FD5900C1F68F /* profileIcon560.jpg */,
				A82411D81828FD5900C1F68F /* profileIcon561.jpg */,
				A82411D91828FD5900C1F68F /* profileIcon562.jpg */,
				A82411DA1828FD5900C1F68F /* profileIcon563.jpg */,
				A82411DB1828FD5900C1F68F /* profileIcon564.jpg */,
				A82411DC1828FD5900C1F68F /* profileIcon565.jpg */,
				A82411DD1828FD5900C1F68F /* profileIcon566.jpg */,
				A82411DE1828FD5900C1F68F /* profileIcon567.jpg */,
				A82411DF1828FD5900C1F68F /* profileIcon568.jpg */,
				A82411E01828FD5900C1F68F /* profileIcon569.jpg */,
				A82411E11828FD5900C1F68F /* profileIcon570.jpg */,
				A82411E21828FD5900C1F68F /* profileIcon571.jpg */,
				A82411E31828FD5900C1F68F /* profileIcon572.jpg */,
				A82411E41828FD5900C1F68F /* profileIcon573.jpg */,
				A82411E51828FD5900C1F68F /* profileIcon574.jpg */,
				A82411E61828FD5900C1F68F /* profileIcon575.jpg */,
				A82411E71828FD5900C1F68F /* profileIcon576.jpg */,
				A82411E91828FD5900C1F68F /* profileIcon578.jpg */,
				A82411EA1828FD5900C1F68F /* profileIcon579.jpg */,
				A82411EB1828FD5900C1F68F /* profileIcon580.jpg */,
				A82411EC1828FD5900C1F68F /* profileIcon581.jpg */,
				A82411ED1828FD5900C1F68F /* profileIcon582.jpg */,
				A82411EE1828FD5900C1F68F /* profileIcon583.jpg */,
				A82411EF1828FD5900C1F68F /* profileIcon584.jpg */,
				A82411F01828FD5900C1F68F /* profileIcon585.jpg */,
				A82411F11828FD5900C1F68F /* profileIcon586.jpg */,
				A82411F21828FD5900C1F68F /* profileIcon6.jpg */,
				A82411F31828FD5900C1F68F /* profileIcon7.jpg */,
				A82411F41828FD5900C1F68F /* profileIcon8.jpg */,
				A82411F51828FD5900C1F68F /* profileIcon9.jpg */,
				A82411F61828FD5900C1F68F /* retrieveicon.py */,
			);
			path = icons;
			sourceTree = "<group>";
		};
		A8D05D701827D14E00A22A87 = {
			isa = PBXGroup;
			children = (
				A8D05D821827D14E00A22A87 /* lolkingClientGUI */,
				A8D05DA01827D14E00A22A87 /* lolkingClientGUITests */,
				A8D05D7B1827D14E00A22A87 /* Frameworks */,
				A8D05D7A1827D14E00A22A87 /* Products */,
			);
			sourceTree = "<group>";
		};
		A8D05D7A1827D14E00A22A87 /* Products */ = {
			isa = PBXGroup;
			children = (
				A8D05D791827D14E00A22A87 /* lolkingClientGUI.app */,
				A8D05D9A1827D14E00A22A87 /* lolkingClientGUITests.xctest */,
			);
			name = Products;
			sourceTree = "<group>";
		};
		A8D05D7B1827D14E00A22A87 /* Frameworks */ = {
			isa = PBXGroup;
			children = (
				A8D05DB91827D18000A22A87 /* libxml2.2.dylib */,
				A8D05D7C1827D14E00A22A87 /* Cocoa.framework */,
				A8D05D9B1827D14E00A22A87 /* XCTest.framework */,
				A8D05D7E1827D14E00A22A87 /* Other Frameworks */,
			);
			name = Frameworks;
			sourceTree = "<group>";
		};
		A8D05D7E1827D14E00A22A87 /* Other Frameworks */ = {
			isa = PBXGroup;
			children = (
				A8D05D7F1827D14E00A22A87 /* AppKit.framework */,
				A8D05D801827D14E00A22A87 /* CoreData.framework */,
				A8D05D811827D14E00A22A87 /* Foundation.framework */,
			);
			name = "Other Frameworks";
			sourceTree = "<group>";
		};
		A8D05D821827D14E00A22A87 /* lolkingClientGUI */ = {
			isa = PBXGroup;
			children = (
				A8D05DD01828763200A22A87 /* lolkingClientGUI.entitlements */,
				A8D05DBD1827E35000A22A87 /* Resources */,
				A8D05D8E1827D14E00A22A87 /* AppDelegate.h */,
				A8D05D8F1827D14E00A22A87 /* AppDelegate.m */,
				A8D05D911827D14E00A22A87 /* MainMenu.xib */,
				A8D05D941827D14E00A22A87 /* Images.xcassets */,
				A8D05D831827D14E00A22A87 /* Supporting Files */,
			);
			path = lolkingClientGUI;
			sourceTree = "<group>";
		};
		A8D05D831827D14E00A22A87 /* Supporting Files */ = {
			isa = PBXGroup;
			children = (
				A8D05DBE1827E69700A22A87 /* HTMLNode.h */,
				A8D05DBF1827E69700A22A87 /* HTMLNode.m */,
				A8D05DC01827E69700A22A87 /* HTMLParser.h */,
				A8D05DC11827E69700A22A87 /* HTMLParser.m */,
				A8D05DC21827E69700A22A87 /* summoner.h */,
				A8D05DC31827E69700A22A87 /* summoner.m */,
				A8D05D841827D14E00A22A87 /* lolkingClientGUI-Info.plist */,
				A8D05D851827D14E00A22A87 /* InfoPlist.strings */,
				A8D05D881827D14E00A22A87 /* main.m */,
				A8D05D8A1827D14E00A22A87 /* lolkingClientGUI-Prefix.pch */,
				A8D05D8B1827D14E00A22A87 /* Credits.rtf */,
				A8D05DCE182871A700A22A87 /* LICENSE */,
				A8D05DC71827EBF000A22A87 /* version.h */,
			);
			name = "Supporting Files";
			sourceTree = "<group>";
		};
		A8D05DA01827D14E00A22A87 /* lolkingClientGUITests */ = {
			isa = PBXGroup;
			children = (
				A8D05DA61827D14E00A22A87 /* lolkingClientGUITests.m */,
				A8D05DA11827D14E00A22A87 /* Supporting Files */,
			);
			path = lolkingClientGUITests;
			sourceTree = "<group>";
		};
		A8D05DA11827D14E00A22A87 /* Supporting Files */ = {
			isa = PBXGroup;
			children = (
				A8D05DA21827D14E00A22A87 /* lolkingClientGUITests-Info.plist */,
				A8D05DA31827D14E00A22A87 /* InfoPlist.strings */,
			);
			name = "Supporting Files";
			sourceTree = "<group>";
		};
		A8D05DBD1827E35000A22A87 /* Resources */ = {
			isa = PBXGroup;
			children = (
				A82411731828FD5900C1F68F /* icons */,
				A8D05DCC1828702600A22A87 /* katarina.png */,
			);
			name = Resources;
			sourceTree = "<group>";
		};
/* End PBXGroup section */

/* Begin PBXNativeTarget section */
		A8D05D781827D14E00A22A87 /* lolkingClientGUI */ = {
			isa = PBXNativeTarget;
			buildConfigurationList = A8D05DAA1827D14E00A22A87 /* Build configuration list for PBXNativeTarget "lolkingClientGUI" */;
			buildPhases = (
				A8D05D751827D14E00A22A87 /* Sources */,
				A8D05D761827D14E00A22A87 /* Frameworks */,
				A8D05D771827D14E00A22A87 /* Resources */,
			);
			buildRules = (
			);
			dependencies = (
			);
			name = lolkingClientGUI;
			productName = lolkingClientGUI;
			productReference = A8D05D791827D14E00A22A87 /* lolkingClientGUI.app */;
			productType = "com.apple.product-type.application";
		};
		A8D05D991827D14E00A22A87 /* lolkingClientGUITests */ = {
			isa = PBXNativeTarget;
			buildConfigurationList = A8D05DAD1827D14E00A22A87 /* Build configuration list for PBXNativeTarget "lolkingClientGUITests" */;
			buildPhases = (
				A8D05D961827D14E00A22A87 /* Sources */,
				A8D05D971827D14E00A22A87 /* Frameworks */,
				A8D05D981827D14E00A22A87 /* Resources */,
			);
			buildRules = (
			);
			dependencies = (
				A8D05D9F1827D14E00A22A87 /* PBXTargetDependency */,
			);
			name = lolkingClientGUITests;
			productName = lolkingClientGUITests;
			productReference = A8D05D9A1827D14E00A22A87 /* lolkingClientGUITests.xctest */;
			productType = "com.apple.product-type.bundle.unit-test";
		};
/* End PBXNativeTarget section */

/* Begin PBXProject section */
		A8D05D711827D14E00A22A87 /* Project object */ = {
			isa = PBXProject;
			attributes = {
				LastUpgradeCheck = 0500;
				ORGANIZATIONNAME = "R&B";
				TargetAttributes = {
					A8D05D781827D14E00A22A87 = {
						SystemCapabilities = {
							com.apple.Sandbox = {
								enabled = 1;
							};
						};
					};
					A8D05D991827D14E00A22A87 = {
						TestTargetID = A8D05D781827D14E00A22A87;
					};
				};
			};
			buildConfigurationList = A8D05D741827D14E00A22A87 /* Build configuration list for PBXProject "lolkingClientGUI" */;
			compatibilityVersion = "Xcode 3.2";
			developmentRegion = English;
			hasScannedForEncodings = 0;
			knownRegions = (
				en,
				Base,
			);
			mainGroup = A8D05D701827D14E00A22A87;
			productRefGroup = A8D05D7A1827D14E00A22A87 /* Products */;
			projectDirPath = "";
			projectRoot = "";
			targets = (
				A8D05D781827D14E00A22A87 /* lolkingClientGUI */,
				A8D05D991827D14E00A22A87 /* lolkingClientGUITests */,
			);
		};
/* End PBXProject section */

/* Begin PBXResourcesBuildPhase section */
		A8D05D771827D14E00A22A87 /* Resources */ = {
			isa = PBXResourcesBuildPhase;
			buildActionMask = 2147483647;
			files = (
				A82412131828FD5900C1F68F /* profileIcon33.jpg in Resources */,
				A82412611828FD5900C1F68F /* profileIcon567.jpg in Resources */,
				A824121F1828FD5900C1F68F /* profileIcon501.jpg in Resources */,
				A82412291828FD5900C1F68F /* profileIcon511.jpg in Resources */,
				A82412331828FD5900C1F68F /* profileIcon521.jpg in Resources */,
				A82412051828FD5900C1F68F /* profileIcon20.jpg in Resources */,
				A824121B1828FD5900C1F68F /* profileIcon40.jpg in Resources */,
				A82412141828FD5900C1F68F /* profileIcon34.jpg in Resources */,
				A824125B1828FD5900C1F68F /* profileIcon561.jpg in Resources */,
				A82412031828FD5900C1F68F /* profileIcon19.jpg in Resources */,
				A824121E1828FD5900C1F68F /* profileIcon5.jpg in Resources */,
				A82412441828FD5900C1F68F /* profileIcon538.jpg in Resources */,
				A82412171828FD5900C1F68F /* profileIcon37.jpg in Resources */,
				A82412521828FD5900C1F68F /* profileIcon552.jpg in Resources */,
				A824126C1828FD5900C1F68F /* profileIcon578.jpg in Resources */,
				A824125E1828FD5900C1F68F /* profileIcon564.jpg in Resources */,
				A82412411828FD5900C1F68F /* profileIcon535.jpg in Resources */,
				A82412661828FD5900C1F68F /* profileIcon572.jpg in Resources */,
				A824123D1828FD5900C1F68F /* profileIcon531.jpg in Resources */,
				A82412581828FD5900C1F68F /* profileIcon558.jpg in Resources */,
				A824121D1828FD5900C1F68F /* profileIcon42.jpg in Resources */,
				A82412511828FD5900C1F68F /* profileIcon551.jpg in Resources */,
				A82412271828FD5900C1F68F /* profileIcon509.jpg in Resources */,
				A824123C1828FD5900C1F68F /* profileIcon530.jpg in Resources */,
				A82412241828FD5900C1F68F /* profileIcon506.jpg in Resources */,
				A82412771828FD5900C1F68F /* profileIcon8.jpg in Resources */,
				A82412721828FD5900C1F68F /* profileIcon584.jpg in Resources */,
				A824126F1828FD5900C1F68F /* profileIcon581.jpg in Resources */,
				A82412391828FD5900C1F68F /* profileIcon527.jpg in Resources */,
				A824123A1828FD5900C1F68F /* profileIcon528.jpg in Resources */,
				A82412211828FD5900C1F68F /* profileIcon503.jpg in Resources */,
				A824121C1828FD5900C1F68F /* profileIcon41.jpg in Resources */,
				A82412091828FD5900C1F68F /* profileIcon24.jpg in Resources */,
				A824126D1828FD5900C1F68F /* profileIcon579.jpg in Resources */,
				A82412321828FD5900C1F68F /* profileIcon520.jpg in Resources */,
				A824126A1828FD5900C1F68F /* profileIcon576.jpg in Resources */,
				A82411FF1828FD5900C1F68F /* profileIcon15.jpg in Resources */,
				A82411FE1828FD5900C1F68F /* profileIcon14.jpg in Resources */,
				A82411FD1828FD5900C1F68F /* profileIcon13.jpg in Resources */,
				A82411FB1828FD5900C1F68F /* profileIcon11.jpg in Resources */,
				A82412071828FD5900C1F68F /* profileIcon22.jpg in Resources */,
				A82412081828FD5900C1F68F /* profileIcon23.jpg in Resources */,
				A82412371828FD5900C1F68F /* profileIcon525.jpg in Resources */,
				A82412651828FD5900C1F68F /* profileIcon571.jpg in Resources */,
				A82412261828FD5900C1F68F /* profileIcon508.jpg in Resources */,
				A82412541828FD5900C1F68F /* profileIcon554.jpg in Resources */,
				A82412121828FD5900C1F68F /* profileIcon32.jpg in Resources */,
				A82412621828FD5900C1F68F /* profileIcon568.jpg in Resources */,
				A82412061828FD5900C1F68F /* profileIcon21.jpg in Resources */,
				A82412571828FD5900C1F68F /* profileIcon557.jpg in Resources */,
				A824127B1829006900C1F68F /* profileIcon577.jpg in Resources */,
				A82412311828FD5900C1F68F /* profileIcon519.jpg in Resources */,
				A82412711828FD5900C1F68F /* profileIcon583.jpg in Resources */,
				A824122F1828FD5900C1F68F /* profileIcon517.jpg in Resources */,
				A82412551828FD5900C1F68F /* profileIcon555.jpg in Resources */,
				A824125F1828FD5900C1F68F /* profileIcon565.jpg in Resources */,
				A82412781828FD5900C1F68F /* profileIcon9.jpg in Resources */,
				A824123E1828FD5900C1F68F /* profileIcon532.jpg in Resources */,
				A824122B1828FD5900C1F68F /* profileIcon513.jpg in Resources */,
				A824124B1828FD5900C1F68F /* profileIcon545.jpg in Resources */,
				A824125C1828FD5900C1F68F /* profileIcon562.jpg in Resources */,
				A8D05D871827D14E00A22A87 /* InfoPlist.strings in Resources */,
				A824124E1828FD5900C1F68F /* profileIcon548.jpg in Resources */,
				A82412591828FD5900C1F68F /* profileIcon559.jpg in Resources */,
				A824125D1828FD5900C1F68F /* profileIcon563.jpg in Resources */,
				A824122D1828FD5900C1F68F /* profileIcon515.jpg in Resources */,
				A82412601828FD5900C1F68F /* profileIcon566.jpg in Resources */,
				A82412001828FD5900C1F68F /* profileIcon16.jpg in Resources */,
				A82412101828FD5900C1F68F /* profileIcon30.jpg in Resources */,
				A82412381828FD5900C1F68F /* profileIcon526.jpg in Resources */,
				A82412631828FD5900C1F68F /* profileIcon569.jpg in Resources */,
				A82412461828FD5900C1F68F /* profileIcon540.jpg in Resources */,
				A82412501828FD5900C1F68F /* profileIcon550.jpg in Resources */,
				A824120F1828FD5900C1F68F /* profileIcon3.jpg in Resources */,
				A824122A1828FD5900C1F68F /* profileIcon512.jpg in Resources */,
				A82412451828FD5900C1F68F /* profileIcon539.jpg in Resources */,
				A824123B1828FD5900C1F68F /* profileIcon529.jpg in Resources */,
				A82412751828FD5900C1F68F /* profileIcon6.jpg in Resources */,
				A82412691828FD5900C1F68F /* profileIcon575.jpg in Resources */,
				A82412341828FD5900C1F68F /* profileIcon522.jpg in Resources */,
				A82412201828FD5900C1F68F /* profileIcon502.jpg in Resources */,
				A82412221828FD5900C1F68F /* profileIcon504.jpg in Resources */,
				A824120D1828FD5900C1F68F /* profileIcon28.jpg in Resources */,
				A82412351828FD5900C1F68F /* profileIcon523.jpg in Resources */,
				A824120A1828FD5900C1F68F /* profileIcon25.jpg in Resources */,
				A82412011828FD5900C1F68F /* profileIcon17.jpg in Resources */,
				A82412251828FD5900C1F68F /* profileIcon507.jpg in Resources */,
				A82412641828FD5900C1F68F /* profileIcon570.jpg in Resources */,
				A82411FC1828FD5900C1F68F /* profileIcon12.jpg in Resources */,
				A8D05D951827D14E00A22A87 /* Images.xcassets in Resources */,
				A824123F1828FD5900C1F68F /* profileIcon533.jpg in Resources */,
				A82411F81828FD5900C1F68F /* profileIcon0.jpg in Resources */,
				A82412561828FD5900C1F68F /* profileIcon556.jpg in Resources */,
				A82412151828FD5900C1F68F /* profileIcon35.jpg in Resources */,
				A82412471828FD5900C1F68F /* profileIcon541.jpg in Resources */,
				A824124A1828FD5900C1F68F /* profileIcon544.jpg in Resources */,
				A82411F91828FD5900C1F68F /* profileIcon1.jpg in Resources */,
				A82412281828FD5900C1F68F /* profileIcon510.jpg in Resources */,
				A824122C1828FD5900C1F68F /* profileIcon514.jpg in Resources */,
				A824122E1828FD5900C1F68F /* profileIcon516.jpg in Resources */,
				A8D05DCF182871A700A22A87 /* LICENSE in Resources */,
				A824124D1828FD5900C1F68F /* profileIcon547.jpg in Resources */,
				A82412701828FD5900C1F68F /* profileIcon582.jpg in Resources */,
				A82412161828FD5900C1F68F /* profileIcon36.jpg in Resources */,
				A82412301828FD5900C1F68F /* profileIcon518.jpg in Resources */,
				A82412491828FD5900C1F68F /* profileIcon543.jpg in Resources */,
				A824120E1828FD5900C1F68F /* profileIcon29.jpg in Resources */,
				A82412191828FD5900C1F68F /* profileIcon39.jpg in Resources */,
				A82412791828FD5900C1F68F /* retrieveicon.py in Resources */,
				A82412181828FD5900C1F68F /* profileIcon38.jpg in Resources */,
				A824124C1828FD5900C1F68F /* profileIcon546.jpg in Resources */,
				A82412361828FD5900C1F68F /* profileIcon524.jpg in Resources */,
				A82412481828FD5900C1F68F /* profileIcon542.jpg in Resources */,
				A82412021828FD5900C1F68F /* profileIcon18.jpg in Resources */,
				A82412531828FD5900C1F68F /* profileIcon553.jpg in Resources */,
				A82412041828FD5900C1F68F /* profileIcon2.jpg in Resources */,
				A824120B1828FD5900C1F68F /* profileIcon26.jpg in Resources */,
				A8D05D8D1827D14E00A22A87 /* Credits.rtf in Resources */,
				A82412741828FD5900C1F68F /* profileIcon586.jpg in Resources */,
				A82412421828FD5900C1F68F /* profileIcon536.jpg in Resources */,
				A8D05DCD1828702600A22A87 /* katarina.png in Resources */,
				A82412401828FD5900C1F68F /* profileIcon534.jpg in Resources */,
				A824126E1828FD5900C1F68F /* profileIcon580.jpg in Resources */,
				A824120C1828FD5900C1F68F /* profileIcon27.jpg in Resources */,
				A824121A1828FD5900C1F68F /* profileIcon4.jpg in Resources */,
				A82412111828FD5900C1F68F /* profileIcon31.jpg in Resources */,
				A8D05D931827D14E00A22A87 /* MainMenu.xib in Resources */,
				A82412231828FD5900C1F68F /* profileIcon505.jpg in Resources */,
				A82412671828FD5900C1F68F /* profileIcon573.jpg in Resources */,
				A82412731828FD5900C1F68F /* profileIcon585.jpg in Resources */,
				A82411F71828FD5900C1F68F /* BlockedIcon.png in Resources */,
				A82412761828FD5900C1F68F /* profileIcon7.jpg in Resources */,
				A824124F1828FD5900C1F68F /* profileIcon549.jpg in Resources */,
				A824125A1828FD5900C1F68F /* profileIcon560.jpg in Resources */,
				A82412431828FD5900C1F68F /* profileIcon537.jpg in Resources */,
				A82411FA1828FD5900C1F68F /* profileIcon10.jpg in Resources */,
				A82412681828FD5900C1F68F /* profileIcon574.jpg in Resources */,
			);
			runOnlyForDeploymentPostprocessing = 0;
		};
		A8D05D981827D14E00A22A87 /* Resources */ = {
			isa = PBXResourcesBuildPhase;
			buildActionMask = 2147483647;
			files = (
				A8D05DA51827D14E00A22A87 /* InfoPlist.strings in Resources */,
			);
			runOnlyForDeploymentPostprocessing = 0;
		};
/* End PBXResourcesBuildPhase section */

/* Begin PBXSourcesBuildPhase section */
		A8D05D751827D14E00A22A87 /* Sources */ = {
			isa = PBXSourcesBuildPhase;
			buildActionMask = 2147483647;
			files = (
				A8D05D901827D14E00A22A87 /* AppDelegate.m in Sources */,
				A8D05DC51827E69700A22A87 /* HTMLParser.m in Sources */,
				A8D05DC61827E69700A22A87 /* summoner.m in Sources */,
				A8D05D891827D14E00A22A87 /* main.m in Sources */,
				A8D05DC41827E69700A22A87 /* HTMLNode.m in Sources */,
			);
			runOnlyForDeploymentPostprocessing = 0;
		};
		A8D05D961827D14E00A22A87 /* Sources */ = {
			isa = PBXSourcesBuildPhase;
			buildActionMask = 2147483647;
			files = (
				A8D05DA71827D14E00A22A87 /* lolkingClientGUITests.m in Sources */,
			);
			runOnlyForDeploymentPostprocessing = 0;
		};
/* End PBXSourcesBuildPhase section */

/* Begin PBXTargetDependency section */
		A8D05D9F1827D14E00A22A87 /* PBXTargetDependency */ = {
			isa = PBXTargetDependency;
			target = A8D05D781827D14E00A22A87 /* lolkingClientGUI */;
			targetProxy = A8D05D9E1827D14E00A22A87 /* PBXContainerItemProxy */;
		};
/* End PBXTargetDependency section */

/* Begin PBXVariantGroup section */
		A8D05D851827D14E00A22A87 /* InfoPlist.strings */ = {
			isa = PBXVariantGroup;
			children = (
				A8D05D861827D14E00A22A87 /* en */,
			);
			name = InfoPlist.strings;
			sourceTree = "<group>";
		};
		A8D05D8B1827D14E00A22A87 /* Credits.rtf */ = {
			isa = PBXVariantGroup;
			children = (
				A8D05D8C1827D14E00A22A87 /* en */,
			);
			name = Credits.rtf;
			sourceTree = "<group>";
		};
		A8D05D911827D14E00A22A87 /* MainMenu.xib */ = {
			isa = PBXVariantGroup;
			children = (
				A8D05D921827D14E00A22A87 /* Base */,
				A8D05DC91827ED4F00A22A87 /* en */,
			);
			name = MainMenu.xib;
			sourceTree = "<group>";
		};
		A8D05DA31827D14E00A22A87 /* InfoPlist.strings */ = {
			isa = PBXVariantGroup;
			children = (
				A8D05DA41827D14E00A22A87 /* en */,
			);
			name = InfoPlist.strings;
			sourceTree = "<group>";
		};
/* End PBXVariantGroup section */

/* Begin XCBuildConfiguration section */
		A8D05DA81827D14E00A22A87 /* Debug */ = {
			isa = XCBuildConfiguration;
			buildSettings = {
				ALWAYS_SEARCH_USER_PATHS = NO;
				CLANG_CXX_LANGUAGE_STANDARD = "gnu++0x";
				CLANG_CXX_LIBRARY = "libc++";
				CLANG_ENABLE_OBJC_ARC = YES;
				CLANG_WARN_BOOL_CONVERSION = YES;
				CLANG_WARN_CONSTANT_CONVERSION = YES;
				CLANG_WARN_DIRECT_OBJC_ISA_USAGE = YES_ERROR;
				CLANG_WARN_EMPTY_BODY = YES;
				CLANG_WARN_ENUM_CONVERSION = YES;
				CLANG_WARN_INT_CONVERSION = YES;
				CLANG_WARN_OBJC_ROOT_CLASS = YES_ERROR;
				CLANG_WARN__DUPLICATE_METHOD_MATCH = YES;
				COPY_PHASE_STRIP = NO;
				GCC_C_LANGUAGE_STANDARD = gnu99;
				GCC_DYNAMIC_NO_PIC = NO;
				GCC_ENABLE_OBJC_EXCEPTIONS = YES;
				GCC_OPTIMIZATION_LEVEL = 0;
				GCC_PREPROCESSOR_DEFINITIONS = (
					"DEBUG=1",
					"$(inherited)",
				);
				GCC_SYMBOLS_PRIVATE_EXTERN = NO;
				GCC_WARN_64_TO_32_BIT_CONVERSION = YES;
				GCC_WARN_ABOUT_RETURN_TYPE = YES_ERROR;
				GCC_WARN_UNDECLARED_SELECTOR = YES;
				GCC_WARN_UNINITIALIZED_AUTOS = YES;
				GCC_WARN_UNUSED_FUNCTION = YES;
				GCC_WARN_UNUSED_VARIABLE = YES;
				MACOSX_DEPLOYMENT_TARGET = 10.9;
				ONLY_ACTIVE_ARCH = YES;
				SDKROOT = macosx;
			};
			name = Debug;
		};
		A8D05DA91827D14E00A22A87 /* Release */ = {
			isa = XCBuildConfiguration;
			buildSettings = {
				ALWAYS_SEARCH_USER_PATHS = NO;
				CLANG_CXX_LANGUAGE_STANDARD = "gnu++0x";
				CLANG_CXX_LIBRARY = "libc++";
				CLANG_ENABLE_OBJC_ARC = YES;
				CLANG_WARN_BOOL_CONVERSION = YES;
				CLANG_WARN_CONSTANT_CONVERSION = YES;
				CLANG_WARN_DIRECT_OBJC_ISA_USAGE = YES_ERROR;
				CLANG_WARN_EMPTY_BODY = YES;
				CLANG_WARN_ENUM_CONVERSION = YES;
				CLANG_WARN_INT_CONVERSION = YES;
				CLANG_WARN_OBJC_ROOT_CLASS = YES_ERROR;
				CLANG_WARN__DUPLICATE_METHOD_MATCH = YES;
				COPY_PHASE_STRIP = YES;
				DEBUG_INFORMATION_FORMAT = "dwarf-with-dsym";
				ENABLE_NS_ASSERTIONS = NO;
				GCC_C_LANGUAGE_STANDARD = gnu99;
				GCC_ENABLE_OBJC_EXCEPTIONS = YES;
				GCC_WARN_64_TO_32_BIT_CONVERSION = YES;
				GCC_WARN_ABOUT_RETURN_TYPE = YES_ERROR;
				GCC_WARN_UNDECLARED_SELECTOR = YES;
				GCC_WARN_UNINITIALIZED_AUTOS = YES;
				GCC_WARN_UNUSED_FUNCTION = YES;
				GCC_WARN_UNUSED_VARIABLE = YES;
				MACOSX_DEPLOYMENT_TARGET = 10.9;
				SDKROOT = macosx;
			};
			name = Release;
		};
		A8D05DAB1827D14E00A22A87 /* Debug */ = {
			isa = XCBuildConfiguration;
			buildSettings = {
				ASSETCATALOG_COMPILER_APPICON_NAME = AppIcon;
				CODE_SIGN_ENTITLEMENTS = lolkingClientGUI/lolkingClientGUI.entitlements;
				CODE_SIGN_IDENTITY = "-";
				COMBINE_HIDPI_IMAGES = YES;
				GCC_PRECOMPILE_PREFIX_HEADER = YES;
				GCC_PREFIX_HEADER = "lolkingClientGUI/lolkingClientGUI-Prefix.pch";
				HEADER_SEARCH_PATHS = (
					"$(inherited)",
					/Applications/Xcode.app/Contents/Developer/Toolchains/XcodeDefault.xctoolchain/usr/include,
					/usr/include/libxml2,
				);
				INFOPLIST_FILE = "lolkingClientGUI/lolkingClientGUI-Info.plist";
				MACOSX_DEPLOYMENT_TARGET = 10.7;
				PRODUCT_NAME = "$(TARGET_NAME)";
				WRAPPER_EXTENSION = app;
			};
			name = Debug;
		};
		A8D05DAC1827D14E00A22A87 /* Release */ = {
			isa = XCBuildConfiguration;
			buildSettings = {
				ASSETCATALOG_COMPILER_APPICON_NAME = AppIcon;
				CODE_SIGN_ENTITLEMENTS = lolkingClientGUI/lolkingClientGUI.entitlements;
				CODE_SIGN_IDENTITY = "-";
				COMBINE_HIDPI_IMAGES = YES;
				GCC_PRECOMPILE_PREFIX_HEADER = YES;
				GCC_PREFIX_HEADER = "lolkingClientGUI/lolkingClientGUI-Prefix.pch";
				HEADER_SEARCH_PATHS = (
					"$(inherited)",
					/Applications/Xcode.app/Contents/Developer/Toolchains/XcodeDefault.xctoolchain/usr/include,
					/usr/include/libxml2,
				);
				INFOPLIST_FILE = "lolkingClientGUI/lolkingClientGUI-Info.plist";
				MACOSX_DEPLOYMENT_TARGET = 10.7;
				PRODUCT_NAME = "$(TARGET_NAME)";
				WRAPPER_EXTENSION = app;
			};
			name = Release;
		};
		A8D05DAE1827D14E00A22A87 /* Debug */ = {
			isa = XCBuildConfiguration;
			buildSettings = {
				BUNDLE_LOADER = "$(BUILT_PRODUCTS_DIR)/lolkingClientGUI.app/Contents/MacOS/lolkingClientGUI";
				COMBINE_HIDPI_IMAGES = YES;
				FRAMEWORK_SEARCH_PATHS = (
					"$(DEVELOPER_FRAMEWORKS_DIR)",
					"$(inherited)",
				);
				GCC_PRECOMPILE_PREFIX_HEADER = YES;
				GCC_PREFIX_HEADER = "lolkingClientGUI/lolkingClientGUI-Prefix.pch";
				GCC_PREPROCESSOR_DEFINITIONS = (
					"DEBUG=1",
					"$(inherited)",
				);
				INFOPLIST_FILE = "lolkingClientGUITests/lolkingClientGUITests-Info.plist";
				PRODUCT_NAME = "$(TARGET_NAME)";
				TEST_HOST = "$(BUNDLE_LOADER)";
				WRAPPER_EXTENSION = xctest;
			};
			name = Debug;
		};
		A8D05DAF1827D14E00A22A87 /* Release */ = {
			isa = XCBuildConfiguration;
			buildSettings = {
				BUNDLE_LOADER = "$(BUILT_PRODUCTS_DIR)/lolkingClientGUI.app/Contents/MacOS/lolkingClientGUI";
				COMBINE_HIDPI_IMAGES = YES;
				FRAMEWORK_SEARCH_PATHS = (
					"$(DEVELOPER_FRAMEWORKS_DIR)",
					"$(inherited)",
				);
				GCC_PRECOMPILE_PREFIX_HEADER = YES;
				GCC_PREFIX_HEADER = "lolkingClientGUI/lolkingClientGUI-Prefix.pch";
				INFOPLIST_FILE = "lolkingClientGUITests/lolkingClientGUITests-Info.plist";
				PRODUCT_NAME = "$(TARGET_NAME)";
				TEST_HOST = "$(BUNDLE_LOADER)";
				WRAPPER_EXTENSION = xctest;
			};
			name = Release;
		};
/* End XCBuildConfiguration section */

/* Begin XCConfigurationList section */
		A8D05D741827D14E00A22A87 /* Build configuration list for PBXProject "lolkingClientGUI" */ = {
			isa = XCConfigurationList;
			buildConfigurations = (
				A8D05DA81827D14E00A22A87 /* Debug */,
				A8D05DA91827D14E00A22A87 /* Release */,
			);
			defaultConfigurationIsVisible = 0;
			defaultConfigurationName = Release;
		};
		A8D05DAA1827D14E00A22A87 /* Build configuration list for PBXNativeTarget "lolkingClientGUI" */ = {
			isa = XCConfigurationList;
			buildConfigurations = (
				A8D05DAB1827D14E00A22A87 /* Debug */,
				A8D05DAC1827D14E00A22A87 /* Release */,
			);
			defaultConfigurationIsVisible = 0;
			defaultConfigurationName = Release;
		};
		A8D05DAD1827D14E00A22A87 /* Build configuration list for PBXNativeTarget "lolkingClientGUITests" */ = {
			isa = XCConfigurationList;
			buildConfigurations = (
				A8D05DAE1827D14E00A22A87 /* Debug */,
				A8D05DAF1827D14E00A22A87 /* Release */,
			);
			defaultConfigurationIsVisible = 0;
			defaultConfigurationName = Release;
		};
/* End XCConfigurationList section */
	};
	rootObject = A8D05D711827D14E00A22A87 /* Project object */;
}
